// !$*UTF8*$!
{
	archiveVersion = 1;
	classes = {
	};
	objectVersion = 51;
	objects = {

/* Begin PBXBuildFile section */
		25EAE48E247436410048BB8C /* AppDelegate.m in Sources */ = {isa = PBXBuildFile; fileRef = 25EAE48D247436410048BB8C /* AppDelegate.m */; };
		25EAE491247436410048BB8C /* SceneDelegate.m in Sources */ = {isa = PBXBuildFile; fileRef = 25EAE490247436410048BB8C /* SceneDelegate.m */; };
		25EAE494247436410048BB8C /* FirstViewController.m in Sources */ = {isa = PBXBuildFile; fileRef = 25EAE493247436410048BB8C /* FirstViewController.m */; };
		25EAE497247436410048BB8C /* SecondViewController.m in Sources */ = {isa = PBXBuildFile; fileRef = 25EAE496247436410048BB8C /* SecondViewController.m */; };
		25EAE49A247436410048BB8C /* Main.storyboard in Resources */ = {isa = PBXBuildFile; fileRef = 25EAE498247436410048BB8C /* Main.storyboard */; };
		25EAE49C247436430048BB8C /* Assets.xcassets in Resources */ = {isa = PBXBuildFile; fileRef = 25EAE49B247436430048BB8C /* Assets.xcassets */; };
		25EAE49F247436430048BB8C /* LaunchScreen.storyboard in Resources */ = {isa = PBXBuildFile; fileRef = 25EAE49D247436430048BB8C /* LaunchScreen.storyboard */; };
		25EAE4A2247436430048BB8C /* main.m in Sources */ = {isa = PBXBuildFile; fileRef = 25EAE4A1247436430048BB8C /* main.m */; };
		25EAE4AC247436430048BB8C /* SDKDemoTests.m in Sources */ = {isa = PBXBuildFile; fileRef = 25EAE4AB247436430048BB8C /* SDKDemoTests.m */; };
		25EAE4B7247436430048BB8C /* SDKDemoUITests.m in Sources */ = {isa = PBXBuildFile; fileRef = 25EAE4B6247436430048BB8C /* SDKDemoUITests.m */; };
		29A93D0128E78EF000C6D3C6 /* SegmentViewController.swift in Sources */ = {isa = PBXBuildFile; fileRef = 29A93D0028E78EF000C6D3C6 /* SegmentViewController.swift */; };
		321234A5C9595758462BCE88 /* Pods_SDKDemoTests.framework in Frameworks */ = {isa = PBXBuildFile; fileRef = 695818156D7F48B89FD23F98 /* Pods_SDKDemoTests.framework */; };
		39FA4B1F286E70F9005956F0 /* WidgetViewController.swift in Sources */ = {isa = PBXBuildFile; fileRef = 39FA4B1E286E70F9005956F0 /* WidgetViewController.swift */; };
		5D2E14806A7331EB4FA84234 /* Pods_SDKDemo.framework in Frameworks */ = {isa = PBXBuildFile; fileRef = BDFE15768E81B290E43D84F0 /* Pods_SDKDemo.framework */; };
		D34FD43605123567FC303D30 /* Pods_SDKDemo_SDKDemoUITests.framework in Frameworks */ = {isa = PBXBuildFile; fileRef = 462DDC09A5252442B80BA246 /* Pods_SDKDemo_SDKDemoUITests.framework */; };
/* End PBXBuildFile section */

/* Begin PBXContainerItemProxy section */
		25EAE4A8247436430048BB8C /* PBXContainerItemProxy */ = {
			isa = PBXContainerItemProxy;
			containerPortal = 25EAE481247436410048BB8C /* Project object */;
			proxyType = 1;
			remoteGlobalIDString = 25EAE488247436410048BB8C;
			remoteInfo = SDKDemo;
		};
		25EAE4B3247436430048BB8C /* PBXContainerItemProxy */ = {
			isa = PBXContainerItemProxy;
			containerPortal = 25EAE481247436410048BB8C /* Project object */;
			proxyType = 1;
			remoteGlobalIDString = 25EAE488247436410048BB8C;
			remoteInfo = SDKDemo;
		};
/* End PBXContainerItemProxy section */

/* Begin PBXFileReference section */
		25EAE489247436410048BB8C /* SDKDemo.app */ = {isa = PBXFileReference; explicitFileType = wrapper.application; includeInIndex = 0; path = SDKDemo.app; sourceTree = BUILT_PRODUCTS_DIR; };
		25EAE48C247436410048BB8C /* AppDelegate.h */ = {isa = PBXFileReference; lastKnownFileType = sourcecode.c.h; path = AppDelegate.h; sourceTree = "<group>"; };
		25EAE48D247436410048BB8C /* AppDelegate.m */ = {isa = PBXFileReference; lastKnownFileType = sourcecode.c.objc; path = AppDelegate.m; sourceTree = "<group>"; };
		25EAE48F247436410048BB8C /* SceneDelegate.h */ = {isa = PBXFileReference; lastKnownFileType = sourcecode.c.h; path = SceneDelegate.h; sourceTree = "<group>"; };
		25EAE490247436410048BB8C /* SceneDelegate.m */ = {isa = PBXFileReference; lastKnownFileType = sourcecode.c.objc; path = SceneDelegate.m; sourceTree = "<group>"; };
		25EAE492247436410048BB8C /* FirstViewController.h */ = {isa = PBXFileReference; lastKnownFileType = sourcecode.c.h; path = FirstViewController.h; sourceTree = "<group>"; };
		25EAE493247436410048BB8C /* FirstViewController.m */ = {isa = PBXFileReference; lastKnownFileType = sourcecode.c.objc; path = FirstViewController.m; sourceTree = "<group>"; };
		25EAE495247436410048BB8C /* SecondViewController.h */ = {isa = PBXFileReference; lastKnownFileType = sourcecode.c.h; path = SecondViewController.h; sourceTree = "<group>"; };
		25EAE496247436410048BB8C /* SecondViewController.m */ = {isa = PBXFileReference; lastKnownFileType = sourcecode.c.objc; path = SecondViewController.m; sourceTree = "<group>"; };
		25EAE499247436410048BB8C /* Base */ = {isa = PBXFileReference; lastKnownFileType = file.storyboard; name = Base; path = Base.lproj/Main.storyboard; sourceTree = "<group>"; };
		25EAE49B247436430048BB8C /* Assets.xcassets */ = {isa = PBXFileReference; lastKnownFileType = folder.assetcatalog; path = Assets.xcassets; sourceTree = "<group>"; };
		25EAE49E247436430048BB8C /* Base */ = {isa = PBXFileReference; lastKnownFileType = file.storyboard; name = Base; path = Base.lproj/LaunchScreen.storyboard; sourceTree = "<group>"; };
		25EAE4A0247436430048BB8C /* Info.plist */ = {isa = PBXFileReference; lastKnownFileType = text.plist.xml; path = Info.plist; sourceTree = "<group>"; };
		25EAE4A1247436430048BB8C /* main.m */ = {isa = PBXFileReference; lastKnownFileType = sourcecode.c.objc; path = main.m; sourceTree = "<group>"; };
		25EAE4A7247436430048BB8C /* SDKDemoTests.xctest */ = {isa = PBXFileReference; explicitFileType = wrapper.cfbundle; includeInIndex = 0; path = SDKDemoTests.xctest; sourceTree = BUILT_PRODUCTS_DIR; };
		25EAE4AB247436430048BB8C /* SDKDemoTests.m */ = {isa = PBXFileReference; lastKnownFileType = sourcecode.c.objc; path = SDKDemoTests.m; sourceTree = "<group>"; };
		25EAE4AD247436430048BB8C /* Info.plist */ = {isa = PBXFileReference; lastKnownFileType = text.plist.xml; path = Info.plist; sourceTree = "<group>"; };
		25EAE4B2247436430048BB8C /* SDKDemoUITests.xctest */ = {isa = PBXFileReference; explicitFileType = wrapper.cfbundle; includeInIndex = 0; path = SDKDemoUITests.xctest; sourceTree = BUILT_PRODUCTS_DIR; };
		25EAE4B6247436430048BB8C /* SDKDemoUITests.m */ = {isa = PBXFileReference; lastKnownFileType = sourcecode.c.objc; path = SDKDemoUITests.m; sourceTree = "<group>"; };
		25EAE4B8247436430048BB8C /* Info.plist */ = {isa = PBXFileReference; lastKnownFileType = text.plist.xml; path = Info.plist; sourceTree = "<group>"; };
		29A93CFF28E78EF000C6D3C6 /* SDKDemo-Bridging-Header.h */ = {isa = PBXFileReference; lastKnownFileType = sourcecode.c.h; path = "SDKDemo-Bridging-Header.h"; sourceTree = "<group>"; };
		29A93D0028E78EF000C6D3C6 /* SegmentViewController.swift */ = {isa = PBXFileReference; lastKnownFileType = sourcecode.swift; path = SegmentViewController.swift; sourceTree = "<group>"; };
		39FA4B1E286E70F9005956F0 /* WidgetViewController.swift */ = {isa = PBXFileReference; lastKnownFileType = sourcecode.swift; path = WidgetViewController.swift; sourceTree = "<group>"; };
		462DDC09A5252442B80BA246 /* Pods_SDKDemo_SDKDemoUITests.framework */ = {isa = PBXFileReference; explicitFileType = wrapper.framework; includeInIndex = 0; path = Pods_SDKDemo_SDKDemoUITests.framework; sourceTree = BUILT_PRODUCTS_DIR; };
		4CC1E5B77A73A0A6632EDA10 /* Pods-SDKDemoTests.debug.xcconfig */ = {isa = PBXFileReference; includeInIndex = 1; lastKnownFileType = text.xcconfig; name = "Pods-SDKDemoTests.debug.xcconfig"; path = "Target Support Files/Pods-SDKDemoTests/Pods-SDKDemoTests.debug.xcconfig"; sourceTree = "<group>"; };
		695818156D7F48B89FD23F98 /* Pods_SDKDemoTests.framework */ = {isa = PBXFileReference; explicitFileType = wrapper.framework; includeInIndex = 0; path = Pods_SDKDemoTests.framework; sourceTree = BUILT_PRODUCTS_DIR; };
		87D06CBD8EF5DD66CA7A800F /* Pods-SDKDemoTests.release.xcconfig */ = {isa = PBXFileReference; includeInIndex = 1; lastKnownFileType = text.xcconfig; name = "Pods-SDKDemoTests.release.xcconfig"; path = "Target Support Files/Pods-SDKDemoTests/Pods-SDKDemoTests.release.xcconfig"; sourceTree = "<group>"; };
		BDFE15768E81B290E43D84F0 /* Pods_SDKDemo.framework */ = {isa = PBXFileReference; explicitFileType = wrapper.framework; includeInIndex = 0; path = Pods_SDKDemo.framework; sourceTree = BUILT_PRODUCTS_DIR; };
		E31C68F22A59CEBF2351FFB0 /* Pods-SDKDemo-SDKDemoUITests.debug.xcconfig */ = {isa = PBXFileReference; includeInIndex = 1; lastKnownFileType = text.xcconfig; name = "Pods-SDKDemo-SDKDemoUITests.debug.xcconfig"; path = "Target Support Files/Pods-SDKDemo-SDKDemoUITests/Pods-SDKDemo-SDKDemoUITests.debug.xcconfig"; sourceTree = "<group>"; };
		E48C1BCD797247708051BF0F /* Pods-SDKDemo.release.xcconfig */ = {isa = PBXFileReference; includeInIndex = 1; lastKnownFileType = text.xcconfig; name = "Pods-SDKDemo.release.xcconfig"; path = "Target Support Files/Pods-SDKDemo/Pods-SDKDemo.release.xcconfig"; sourceTree = "<group>"; };
		F17918224633A0AAE2AC9201 /* Pods-SDKDemo-SDKDemoUITests.release.xcconfig */ = {isa = PBXFileReference; includeInIndex = 1; lastKnownFileType = text.xcconfig; name = "Pods-SDKDemo-SDKDemoUITests.release.xcconfig"; path = "Target Support Files/Pods-SDKDemo-SDKDemoUITests/Pods-SDKDemo-SDKDemoUITests.release.xcconfig"; sourceTree = "<group>"; };
		FBA639656DF86D24E017B719 /* Pods-SDKDemo.debug.xcconfig */ = {isa = PBXFileReference; includeInIndex = 1; lastKnownFileType = text.xcconfig; name = "Pods-SDKDemo.debug.xcconfig"; path = "Target Support Files/Pods-SDKDemo/Pods-SDKDemo.debug.xcconfig"; sourceTree = "<group>"; };
/* End PBXFileReference section */

/* Begin PBXFrameworksBuildPhase section */
		25EAE486247436410048BB8C /* Frameworks */ = {
			isa = PBXFrameworksBuildPhase;
			buildActionMask = 2147483647;
			files = (
				5D2E14806A7331EB4FA84234 /* Pods_SDKDemo.framework in Frameworks */,
			);
			runOnlyForDeploymentPostprocessing = 0;
		};
		25EAE4A4247436430048BB8C /* Frameworks */ = {
			isa = PBXFrameworksBuildPhase;
			buildActionMask = 2147483647;
			files = (
				321234A5C9595758462BCE88 /* Pods_SDKDemoTests.framework in Frameworks */,
			);
			runOnlyForDeploymentPostprocessing = 0;
		};
		25EAE4AF247436430048BB8C /* Frameworks */ = {
			isa = PBXFrameworksBuildPhase;
			buildActionMask = 2147483647;
			files = (
				D34FD43605123567FC303D30 /* Pods_SDKDemo_SDKDemoUITests.framework in Frameworks */,
			);
			runOnlyForDeploymentPostprocessing = 0;
		};
/* End PBXFrameworksBuildPhase section */

/* Begin PBXGroup section */
		12F55640B8E24AD6CDA7D0AC /* Pods */ = {
			isa = PBXGroup;
			children = (
				FBA639656DF86D24E017B719 /* Pods-SDKDemo.debug.xcconfig */,
				E48C1BCD797247708051BF0F /* Pods-SDKDemo.release.xcconfig */,
				E31C68F22A59CEBF2351FFB0 /* Pods-SDKDemo-SDKDemoUITests.debug.xcconfig */,
				F17918224633A0AAE2AC9201 /* Pods-SDKDemo-SDKDemoUITests.release.xcconfig */,
				4CC1E5B77A73A0A6632EDA10 /* Pods-SDKDemoTests.debug.xcconfig */,
				87D06CBD8EF5DD66CA7A800F /* Pods-SDKDemoTests.release.xcconfig */,
			);
			path = Pods;
			sourceTree = "<group>";
		};
		25EAE480247436410048BB8C = {
			isa = PBXGroup;
			children = (
				25EAE48B247436410048BB8C /* SDKDemo */,
				25EAE4AA247436430048BB8C /* SDKDemoTests */,
				25EAE4B5247436430048BB8C /* SDKDemoUITests */,
				25EAE48A247436410048BB8C /* Products */,
				12F55640B8E24AD6CDA7D0AC /* Pods */,
				D941CAF705A51B6E87C7F2A3 /* Frameworks */,
			);
			sourceTree = "<group>";
		};
		25EAE48A247436410048BB8C /* Products */ = {
			isa = PBXGroup;
			children = (
				25EAE489247436410048BB8C /* SDKDemo.app */,
				25EAE4A7247436430048BB8C /* SDKDemoTests.xctest */,
				25EAE4B2247436430048BB8C /* SDKDemoUITests.xctest */,
			);
			name = Products;
			sourceTree = "<group>";
		};
		25EAE48B247436410048BB8C /* SDKDemo */ = {
			isa = PBXGroup;
			children = (
				25EAE48C247436410048BB8C /* AppDelegate.h */,
				25EAE48D247436410048BB8C /* AppDelegate.m */,
				25EAE48F247436410048BB8C /* SceneDelegate.h */,
				25EAE490247436410048BB8C /* SceneDelegate.m */,
				25EAE492247436410048BB8C /* FirstViewController.h */,
				25EAE493247436410048BB8C /* FirstViewController.m */,
				25EAE495247436410048BB8C /* SecondViewController.h */,
				25EAE496247436410048BB8C /* SecondViewController.m */,
				25EAE498247436410048BB8C /* Main.storyboard */,
				25EAE49B247436430048BB8C /* Assets.xcassets */,
				25EAE49D247436430048BB8C /* LaunchScreen.storyboard */,
				25EAE4A0247436430048BB8C /* Info.plist */,
				25EAE4A1247436430048BB8C /* main.m */,
				39FA4B1E286E70F9005956F0 /* WidgetViewController.swift */,
				29A93D0028E78EF000C6D3C6 /* SegmentViewController.swift */,
				29A93CFF28E78EF000C6D3C6 /* SDKDemo-Bridging-Header.h */,
			);
			path = SDKDemo;
			sourceTree = "<group>";
		};
		25EAE4AA247436430048BB8C /* SDKDemoTests */ = {
			isa = PBXGroup;
			children = (
				25EAE4AB247436430048BB8C /* SDKDemoTests.m */,
				25EAE4AD247436430048BB8C /* Info.plist */,
			);
			path = SDKDemoTests;
			sourceTree = "<group>";
		};
		25EAE4B5247436430048BB8C /* SDKDemoUITests */ = {
			isa = PBXGroup;
			children = (
				25EAE4B6247436430048BB8C /* SDKDemoUITests.m */,
				25EAE4B8247436430048BB8C /* Info.plist */,
			);
			path = SDKDemoUITests;
			sourceTree = "<group>";
		};
		D941CAF705A51B6E87C7F2A3 /* Frameworks */ = {
			isa = PBXGroup;
			children = (
				BDFE15768E81B290E43D84F0 /* Pods_SDKDemo.framework */,
				462DDC09A5252442B80BA246 /* Pods_SDKDemo_SDKDemoUITests.framework */,
				695818156D7F48B89FD23F98 /* Pods_SDKDemoTests.framework */,
			);
			name = Frameworks;
			sourceTree = "<group>";
		};
/* End PBXGroup section */

/* Begin PBXNativeTarget section */
		25EAE488247436410048BB8C /* SDKDemo */ = {
			isa = PBXNativeTarget;
			buildConfigurationList = 25EAE4BB247436430048BB8C /* Build configuration list for PBXNativeTarget "SDKDemo" */;
			buildPhases = (
				B2FE14D26E5E9CB20107FB03 /* [CP] Check Pods Manifest.lock */,
				25EAE485247436410048BB8C /* Sources */,
				25EAE486247436410048BB8C /* Frameworks */,
				25EAE487247436410048BB8C /* Resources */,
				614C59AB98BF2BBBD7860A50 /* [CP] Embed Pods Frameworks */,
			);
			buildRules = (
			);
			dependencies = (
			);
			name = SDKDemo;
			productName = SDKDemo;
			productReference = 25EAE489247436410048BB8C /* SDKDemo.app */;
			productType = "com.apple.product-type.application";
		};
		25EAE4A6247436430048BB8C /* SDKDemoTests */ = {
			isa = PBXNativeTarget;
			buildConfigurationList = 25EAE4BE247436430048BB8C /* Build configuration list for PBXNativeTarget "SDKDemoTests" */;
			buildPhases = (
				D580F47D759E2763DC281069 /* [CP] Check Pods Manifest.lock */,
				25EAE4A3247436430048BB8C /* Sources */,
				25EAE4A4247436430048BB8C /* Frameworks */,
				25EAE4A5247436430048BB8C /* Resources */,
			);
			buildRules = (
			);
			dependencies = (
				25EAE4A9247436430048BB8C /* PBXTargetDependency */,
			);
			name = SDKDemoTests;
			productName = SDKDemoTests;
			productReference = 25EAE4A7247436430048BB8C /* SDKDemoTests.xctest */;
			productType = "com.apple.product-type.bundle.unit-test";
		};
		25EAE4B1247436430048BB8C /* SDKDemoUITests */ = {
			isa = PBXNativeTarget;
			buildConfigurationList = 25EAE4C1247436430048BB8C /* Build configuration list for PBXNativeTarget "SDKDemoUITests" */;
			buildPhases = (
				90D2E8F6F5E2CA8B8DFBFCE0 /* [CP] Check Pods Manifest.lock */,
				25EAE4AE247436430048BB8C /* Sources */,
				25EAE4AF247436430048BB8C /* Frameworks */,
				25EAE4B0247436430048BB8C /* Resources */,
				830115F53FD4DAF05F0F6A59 /* [CP] Embed Pods Frameworks */,
			);
			buildRules = (
			);
			dependencies = (
				25EAE4B4247436430048BB8C /* PBXTargetDependency */,
			);
			name = SDKDemoUITests;
			productName = SDKDemoUITests;
			productReference = 25EAE4B2247436430048BB8C /* SDKDemoUITests.xctest */;
			productType = "com.apple.product-type.bundle.ui-testing";
		};
/* End PBXNativeTarget section */

/* Begin PBXProject section */
		25EAE481247436410048BB8C /* Project object */ = {
			isa = PBXProject;
			attributes = {
				LastUpgradeCheck = 1400;
				ORGANIZATIONNAME = QuadPay;
				TargetAttributes = {
					25EAE488247436410048BB8C = {
						CreatedOnToolsVersion = 11.4.1;
						LastSwiftMigration = 1400;
					};
					25EAE4A6247436430048BB8C = {
						CreatedOnToolsVersion = 11.4.1;
						TestTargetID = 25EAE488247436410048BB8C;
					};
					25EAE4B1247436430048BB8C = {
						CreatedOnToolsVersion = 11.4.1;
						TestTargetID = 25EAE488247436410048BB8C;
					};
				};
			};
			buildConfigurationList = 25EAE484247436410048BB8C /* Build configuration list for PBXProject "SDKDemo" */;
			compatibilityVersion = "Xcode 9.3";
			developmentRegion = en;
			hasScannedForEncodings = 0;
			knownRegions = (
				en,
				Base,
			);
			mainGroup = 25EAE480247436410048BB8C;
			productRefGroup = 25EAE48A247436410048BB8C /* Products */;
			projectDirPath = "";
			projectRoot = "";
			targets = (
				25EAE488247436410048BB8C /* SDKDemo */,
				25EAE4A6247436430048BB8C /* SDKDemoTests */,
				25EAE4B1247436430048BB8C /* SDKDemoUITests */,
			);
		};
/* End PBXProject section */

/* Begin PBXResourcesBuildPhase section */
		25EAE487247436410048BB8C /* Resources */ = {
			isa = PBXResourcesBuildPhase;
			buildActionMask = 2147483647;
			files = (
				25EAE49F247436430048BB8C /* LaunchScreen.storyboard in Resources */,
				25EAE49C247436430048BB8C /* Assets.xcassets in Resources */,
				25EAE49A247436410048BB8C /* Main.storyboard in Resources */,
			);
			runOnlyForDeploymentPostprocessing = 0;
		};
		25EAE4A5247436430048BB8C /* Resources */ = {
			isa = PBXResourcesBuildPhase;
			buildActionMask = 2147483647;
			files = (
			);
			runOnlyForDeploymentPostprocessing = 0;
		};
		25EAE4B0247436430048BB8C /* Resources */ = {
			isa = PBXResourcesBuildPhase;
			buildActionMask = 2147483647;
			files = (
			);
			runOnlyForDeploymentPostprocessing = 0;
		};
/* End PBXResourcesBuildPhase section */

/* Begin PBXShellScriptBuildPhase section */
		614C59AB98BF2BBBD7860A50 /* [CP] Embed Pods Frameworks */ = {
			isa = PBXShellScriptBuildPhase;
			buildActionMask = 2147483647;
			files = (
			);
			inputFileListPaths = (
				"${PODS_ROOT}/Target Support Files/Pods-SDKDemo/Pods-SDKDemo-frameworks-${CONFIGURATION}-input-files.xcfilelist",
			);
			name = "[CP] Embed Pods Frameworks";
			outputFileListPaths = (
				"${PODS_ROOT}/Target Support Files/Pods-SDKDemo/Pods-SDKDemo-frameworks-${CONFIGURATION}-output-files.xcfilelist",
			);
			runOnlyForDeploymentPostprocessing = 0;
			shellPath = /bin/sh;
			shellScript = "\"${PODS_ROOT}/Target Support Files/Pods-SDKDemo/Pods-SDKDemo-frameworks.sh\"\n";
			showEnvVarsInLog = 0;
		};
		830115F53FD4DAF05F0F6A59 /* [CP] Embed Pods Frameworks */ = {
			isa = PBXShellScriptBuildPhase;
			buildActionMask = 2147483647;
			files = (
			);
			inputFileListPaths = (
				"${PODS_ROOT}/Target Support Files/Pods-SDKDemo-SDKDemoUITests/Pods-SDKDemo-SDKDemoUITests-frameworks-${CONFIGURATION}-input-files.xcfilelist",
			);
			name = "[CP] Embed Pods Frameworks";
			outputFileListPaths = (
				"${PODS_ROOT}/Target Support Files/Pods-SDKDemo-SDKDemoUITests/Pods-SDKDemo-SDKDemoUITests-frameworks-${CONFIGURATION}-output-files.xcfilelist",
			);
			runOnlyForDeploymentPostprocessing = 0;
			shellPath = /bin/sh;
			shellScript = "\"${PODS_ROOT}/Target Support Files/Pods-SDKDemo-SDKDemoUITests/Pods-SDKDemo-SDKDemoUITests-frameworks.sh\"\n";
			showEnvVarsInLog = 0;
		};
		90D2E8F6F5E2CA8B8DFBFCE0 /* [CP] Check Pods Manifest.lock */ = {
			isa = PBXShellScriptBuildPhase;
			buildActionMask = 2147483647;
			files = (
			);
			inputFileListPaths = (
			);
			inputPaths = (
				"${PODS_PODFILE_DIR_PATH}/Podfile.lock",
				"${PODS_ROOT}/Manifest.lock",
			);
			name = "[CP] Check Pods Manifest.lock";
			outputFileListPaths = (
			);
			outputPaths = (
				"$(DERIVED_FILE_DIR)/Pods-SDKDemo-SDKDemoUITests-checkManifestLockResult.txt",
			);
			runOnlyForDeploymentPostprocessing = 0;
			shellPath = /bin/sh;
			shellScript = "diff \"${PODS_PODFILE_DIR_PATH}/Podfile.lock\" \"${PODS_ROOT}/Manifest.lock\" > /dev/null\nif [ $? != 0 ] ; then\n    # print error to STDERR\n    echo \"error: The sandbox is not in sync with the Podfile.lock. Run 'pod install' or update your CocoaPods installation.\" >&2\n    exit 1\nfi\n# This output is used by Xcode 'outputs' to avoid re-running this script phase.\necho \"SUCCESS\" > \"${SCRIPT_OUTPUT_FILE_0}\"\n";
			showEnvVarsInLog = 0;
		};
		B2FE14D26E5E9CB20107FB03 /* [CP] Check Pods Manifest.lock */ = {
			isa = PBXShellScriptBuildPhase;
			buildActionMask = 2147483647;
			files = (
			);
			inputFileListPaths = (
			);
			inputPaths = (
				"${PODS_PODFILE_DIR_PATH}/Podfile.lock",
				"${PODS_ROOT}/Manifest.lock",
			);
			name = "[CP] Check Pods Manifest.lock";
			outputFileListPaths = (
			);
			outputPaths = (
				"$(DERIVED_FILE_DIR)/Pods-SDKDemo-checkManifestLockResult.txt",
			);
			runOnlyForDeploymentPostprocessing = 0;
			shellPath = /bin/sh;
			shellScript = "diff \"${PODS_PODFILE_DIR_PATH}/Podfile.lock\" \"${PODS_ROOT}/Manifest.lock\" > /dev/null\nif [ $? != 0 ] ; then\n    # print error to STDERR\n    echo \"error: The sandbox is not in sync with the Podfile.lock. Run 'pod install' or update your CocoaPods installation.\" >&2\n    exit 1\nfi\n# This output is used by Xcode 'outputs' to avoid re-running this script phase.\necho \"SUCCESS\" > \"${SCRIPT_OUTPUT_FILE_0}\"\n";
			showEnvVarsInLog = 0;
		};
		D580F47D759E2763DC281069 /* [CP] Check Pods Manifest.lock */ = {
			isa = PBXShellScriptBuildPhase;
			buildActionMask = 2147483647;
			files = (
			);
			inputFileListPaths = (
			);
			inputPaths = (
				"${PODS_PODFILE_DIR_PATH}/Podfile.lock",
				"${PODS_ROOT}/Manifest.lock",
			);
			name = "[CP] Check Pods Manifest.lock";
			outputFileListPaths = (
			);
			outputPaths = (
				"$(DERIVED_FILE_DIR)/Pods-SDKDemoTests-checkManifestLockResult.txt",
			);
			runOnlyForDeploymentPostprocessing = 0;
			shellPath = /bin/sh;
			shellScript = "diff \"${PODS_PODFILE_DIR_PATH}/Podfile.lock\" \"${PODS_ROOT}/Manifest.lock\" > /dev/null\nif [ $? != 0 ] ; then\n    # print error to STDERR\n    echo \"error: The sandbox is not in sync with the Podfile.lock. Run 'pod install' or update your CocoaPods installation.\" >&2\n    exit 1\nfi\n# This output is used by Xcode 'outputs' to avoid re-running this script phase.\necho \"SUCCESS\" > \"${SCRIPT_OUTPUT_FILE_0}\"\n";
			showEnvVarsInLog = 0;
		};
/* End PBXShellScriptBuildPhase section */

/* Begin PBXSourcesBuildPhase section */
		25EAE485247436410048BB8C /* Sources */ = {
			isa = PBXSourcesBuildPhase;
			buildActionMask = 2147483647;
			files = (
				25EAE4A2247436430048BB8C /* main.m in Sources */,
				25EAE497247436410048BB8C /* SecondViewController.m in Sources */,
				25EAE48E247436410048BB8C /* AppDelegate.m in Sources */,
				25EAE494247436410048BB8C /* FirstViewController.m in Sources */,
				29A93D0128E78EF000C6D3C6 /* SegmentViewController.swift in Sources */,
				39FA4B1F286E70F9005956F0 /* WidgetViewController.swift in Sources */,
				25EAE491247436410048BB8C /* SceneDelegate.m in Sources */,
			);
			runOnlyForDeploymentPostprocessing = 0;
		};
		25EAE4A3247436430048BB8C /* Sources */ = {
			isa = PBXSourcesBuildPhase;
			buildActionMask = 2147483647;
			files = (
				25EAE4AC247436430048BB8C /* SDKDemoTests.m in Sources */,
			);
			runOnlyForDeploymentPostprocessing = 0;
		};
		25EAE4AE247436430048BB8C /* Sources */ = {
			isa = PBXSourcesBuildPhase;
			buildActionMask = 2147483647;
			files = (
				25EAE4B7247436430048BB8C /* SDKDemoUITests.m in Sources */,
			);
			runOnlyForDeploymentPostprocessing = 0;
		};
/* End PBXSourcesBuildPhase section */

/* Begin PBXTargetDependency section */
		25EAE4A9247436430048BB8C /* PBXTargetDependency */ = {
			isa = PBXTargetDependency;
			target = 25EAE488247436410048BB8C /* SDKDemo */;
			targetProxy = 25EAE4A8247436430048BB8C /* PBXContainerItemProxy */;
		};
		25EAE4B4247436430048BB8C /* PBXTargetDependency */ = {
			isa = PBXTargetDependency;
			target = 25EAE488247436410048BB8C /* SDKDemo */;
			targetProxy = 25EAE4B3247436430048BB8C /* PBXContainerItemProxy */;
		};
/* End PBXTargetDependency section */

/* Begin PBXVariantGroup section */
		25EAE498247436410048BB8C /* Main.storyboard */ = {
			isa = PBXVariantGroup;
			children = (
				25EAE499247436410048BB8C /* Base */,
			);
			name = Main.storyboard;
			sourceTree = "<group>";
		};
		25EAE49D247436430048BB8C /* LaunchScreen.storyboard */ = {
			isa = PBXVariantGroup;
			children = (
				25EAE49E247436430048BB8C /* Base */,
			);
			name = LaunchScreen.storyboard;
			sourceTree = "<group>";
		};
/* End PBXVariantGroup section */

/* Begin XCBuildConfiguration section */
		25EAE4B9247436430048BB8C /* Debug */ = {
			isa = XCBuildConfiguration;
			buildSettings = {
				ALWAYS_SEARCH_USER_PATHS = NO;
				CLANG_ANALYZER_NONNULL = YES;
				CLANG_ANALYZER_NUMBER_OBJECT_CONVERSION = YES_AGGRESSIVE;
				CLANG_CXX_LANGUAGE_STANDARD = "gnu++14";
				CLANG_CXX_LIBRARY = "libc++";
				CLANG_ENABLE_MODULES = YES;
				CLANG_ENABLE_OBJC_ARC = YES;
				CLANG_ENABLE_OBJC_WEAK = YES;
				CLANG_WARN_BLOCK_CAPTURE_AUTORELEASING = YES;
				CLANG_WARN_BOOL_CONVERSION = YES;
				CLANG_WARN_COMMA = YES;
				CLANG_WARN_CONSTANT_CONVERSION = YES;
				CLANG_WARN_DEPRECATED_OBJC_IMPLEMENTATIONS = YES;
				CLANG_WARN_DIRECT_OBJC_ISA_USAGE = YES_ERROR;
				CLANG_WARN_DOCUMENTATION_COMMENTS = YES;
				CLANG_WARN_EMPTY_BODY = YES;
				CLANG_WARN_ENUM_CONVERSION = YES;
				CLANG_WARN_INFINITE_RECURSION = YES;
				CLANG_WARN_INT_CONVERSION = YES;
				CLANG_WARN_NON_LITERAL_NULL_CONVERSION = YES;
				CLANG_WARN_OBJC_IMPLICIT_RETAIN_SELF = YES;
				CLANG_WARN_OBJC_LITERAL_CONVERSION = YES;
				CLANG_WARN_OBJC_ROOT_CLASS = YES_ERROR;
				CLANG_WARN_QUOTED_INCLUDE_IN_FRAMEWORK_HEADER = YES;
				CLANG_WARN_RANGE_LOOP_ANALYSIS = YES;
				CLANG_WARN_STRICT_PROTOTYPES = YES;
				CLANG_WARN_SUSPICIOUS_MOVE = YES;
				CLANG_WARN_UNGUARDED_AVAILABILITY = YES_AGGRESSIVE;
				CLANG_WARN_UNREACHABLE_CODE = YES;
				CLANG_WARN__DUPLICATE_METHOD_MATCH = YES;
				COPY_PHASE_STRIP = NO;
				DEBUG_INFORMATION_FORMAT = dwarf;
				ENABLE_STRICT_OBJC_MSGSEND = YES;
				ENABLE_TESTABILITY = YES;
				GCC_C_LANGUAGE_STANDARD = gnu11;
				GCC_DYNAMIC_NO_PIC = NO;
				GCC_NO_COMMON_BLOCKS = YES;
				GCC_OPTIMIZATION_LEVEL = 0;
				GCC_PREPROCESSOR_DEFINITIONS = (
					"DEBUG=1",
					"$(inherited)",
				);
				GCC_WARN_64_TO_32_BIT_CONVERSION = YES;
				GCC_WARN_ABOUT_RETURN_TYPE = YES_ERROR;
				GCC_WARN_UNDECLARED_SELECTOR = YES;
				GCC_WARN_UNINITIALIZED_AUTOS = YES_AGGRESSIVE;
				GCC_WARN_UNUSED_FUNCTION = YES;
				GCC_WARN_UNUSED_VARIABLE = YES;
				IPHONEOS_DEPLOYMENT_TARGET = 12.0;
				MTL_ENABLE_DEBUG_INFO = INCLUDE_SOURCE;
				MTL_FAST_MATH = YES;
				ONLY_ACTIVE_ARCH = YES;
				SDKROOT = iphoneos;
			};
			name = Debug;
		};
		25EAE4BA247436430048BB8C /* Release */ = {
			isa = XCBuildConfiguration;
			buildSettings = {
				ALWAYS_SEARCH_USER_PATHS = NO;
				CLANG_ANALYZER_NONNULL = YES;
				CLANG_ANALYZER_NUMBER_OBJECT_CONVERSION = YES_AGGRESSIVE;
				CLANG_CXX_LANGUAGE_STANDARD = "gnu++14";
				CLANG_CXX_LIBRARY = "libc++";
				CLANG_ENABLE_MODULES = YES;
				CLANG_ENABLE_OBJC_ARC = YES;
				CLANG_ENABLE_OBJC_WEAK = YES;
				CLANG_WARN_BLOCK_CAPTURE_AUTORELEASING = YES;
				CLANG_WARN_BOOL_CONVERSION = YES;
				CLANG_WARN_COMMA = YES;
				CLANG_WARN_CONSTANT_CONVERSION = YES;
				CLANG_WARN_DEPRECATED_OBJC_IMPLEMENTATIONS = YES;
				CLANG_WARN_DIRECT_OBJC_ISA_USAGE = YES_ERROR;
				CLANG_WARN_DOCUMENTATION_COMMENTS = YES;
				CLANG_WARN_EMPTY_BODY = YES;
				CLANG_WARN_ENUM_CONVERSION = YES;
				CLANG_WARN_INFINITE_RECURSION = YES;
				CLANG_WARN_INT_CONVERSION = YES;
				CLANG_WARN_NON_LITERAL_NULL_CONVERSION = YES;
				CLANG_WARN_OBJC_IMPLICIT_RETAIN_SELF = YES;
				CLANG_WARN_OBJC_LITERAL_CONVERSION = YES;
				CLANG_WARN_OBJC_ROOT_CLASS = YES_ERROR;
				CLANG_WARN_QUOTED_INCLUDE_IN_FRAMEWORK_HEADER = YES;
				CLANG_WARN_RANGE_LOOP_ANALYSIS = YES;
				CLANG_WARN_STRICT_PROTOTYPES = YES;
				CLANG_WARN_SUSPICIOUS_MOVE = YES;
				CLANG_WARN_UNGUARDED_AVAILABILITY = YES_AGGRESSIVE;
				CLANG_WARN_UNREACHABLE_CODE = YES;
				CLANG_WARN__DUPLICATE_METHOD_MATCH = YES;
				COPY_PHASE_STRIP = NO;
				DEBUG_INFORMATION_FORMAT = "dwarf-with-dsym";
				ENABLE_NS_ASSERTIONS = NO;
				ENABLE_STRICT_OBJC_MSGSEND = YES;
				GCC_C_LANGUAGE_STANDARD = gnu11;
				GCC_NO_COMMON_BLOCKS = YES;
				GCC_WARN_64_TO_32_BIT_CONVERSION = YES;
				GCC_WARN_ABOUT_RETURN_TYPE = YES_ERROR;
				GCC_WARN_UNDECLARED_SELECTOR = YES;
				GCC_WARN_UNINITIALIZED_AUTOS = YES_AGGRESSIVE;
				GCC_WARN_UNUSED_FUNCTION = YES;
				GCC_WARN_UNUSED_VARIABLE = YES;
				IPHONEOS_DEPLOYMENT_TARGET = 12.0;
				MTL_ENABLE_DEBUG_INFO = NO;
				MTL_FAST_MATH = YES;
				SDKROOT = iphoneos;
				SWIFT_COMPILATION_MODE = wholemodule;
				VALIDATE_PRODUCT = YES;
			};
			name = Release;
		};
		25EAE4BC247436430048BB8C /* Debug */ = {
			isa = XCBuildConfiguration;
			baseConfigurationReference = FBA639656DF86D24E017B719 /* Pods-SDKDemo.debug.xcconfig */;
			buildSettings = {
				ASSETCATALOG_COMPILER_APPICON_NAME = AppIcon;
				CLANG_ENABLE_MODULES = YES;
				CODE_SIGN_STYLE = Automatic;
				DEVELOPMENT_TEAM = B3JA8GTUEY;
				INFOPLIST_FILE = SDKDemo/Info.plist;
				IPHONEOS_DEPLOYMENT_TARGET = 12.0;
				LD_RUNPATH_SEARCH_PATHS = (
					"$(inherited)",
					"@executable_path/Frameworks",
				);
				PRODUCT_BUNDLE_IDENTIFIER = com.quadpay.SDKDemo;
				PRODUCT_NAME = "$(TARGET_NAME)";
				SWIFT_OBJC_BRIDGING_HEADER = "SDKDemo/SDKDemo-Bridging-Header.h";
				SWIFT_OPTIMIZATION_LEVEL = "-Onone";
				SWIFT_VERSION = 5.0;
				TARGETED_DEVICE_FAMILY = "1,2";
			};
			name = Debug;
		};
		25EAE4BD247436430048BB8C /* Release */ = {
			isa = XCBuildConfiguration;
			baseConfigurationReference = E48C1BCD797247708051BF0F /* Pods-SDKDemo.release.xcconfig */;
			buildSettings = {
				ASSETCATALOG_COMPILER_APPICON_NAME = AppIcon;
				CLANG_ENABLE_MODULES = YES;
				CODE_SIGN_STYLE = Automatic;
				DEVELOPMENT_TEAM = B3JA8GTUEY;
				INFOPLIST_FILE = SDKDemo/Info.plist;
				IPHONEOS_DEPLOYMENT_TARGET = 12.0;
				LD_RUNPATH_SEARCH_PATHS = (
					"$(inherited)",
					"@executable_path/Frameworks",
				);
				PRODUCT_BUNDLE_IDENTIFIER = com.quadpay.SDKDemo;
				PRODUCT_NAME = "$(TARGET_NAME)";
				SWIFT_OBJC_BRIDGING_HEADER = "SDKDemo/SDKDemo-Bridging-Header.h";
				SWIFT_VERSION = 5.0;
				TARGETED_DEVICE_FAMILY = "1,2";
			};
			name = Release;
		};
		25EAE4BF247436430048BB8C /* Debug */ = {
			isa = XCBuildConfiguration;
			baseConfigurationReference = 4CC1E5B77A73A0A6632EDA10 /* Pods-SDKDemoTests.debug.xcconfig */;
			buildSettings = {
				ALWAYS_EMBED_SWIFT_STANDARD_LIBRARIES = YES;
				BUNDLE_LOADER = "$(TEST_HOST)";
				CODE_SIGN_STYLE = Automatic;
				DEVELOPMENT_TEAM = F52B2ZHLGH;
				INFOPLIST_FILE = SDKDemoTests/Info.plist;
				IPHONEOS_DEPLOYMENT_TARGET = 13.4;
				LD_RUNPATH_SEARCH_PATHS = (
					"$(inherited)",
					"@executable_path/Frameworks",
					"@loader_path/Frameworks",
				);
				PRODUCT_BUNDLE_IDENTIFIER = com.quadpay.SDKDemoTests;
				PRODUCT_NAME = "$(TARGET_NAME)";
				TARGETED_DEVICE_FAMILY = "1,2";
				TEST_HOST = "$(BUILT_PRODUCTS_DIR)/SDKDemo.app/SDKDemo";
			};
			name = Debug;
		};
		25EAE4C0247436430048BB8C /* Release */ = {
			isa = XCBuildConfiguration;
			baseConfigurationReference = 87D06CBD8EF5DD66CA7A800F /* Pods-SDKDemoTests.release.xcconfig */;
			buildSettings = {
				ALWAYS_EMBED_SWIFT_STANDARD_LIBRARIES = YES;
				BUNDLE_LOADER = "$(TEST_HOST)";
				CODE_SIGN_STYLE = Automatic;
				DEVELOPMENT_TEAM = F52B2ZHLGH;
				INFOPLIST_FILE = SDKDemoTests/Info.plist;
				IPHONEOS_DEPLOYMENT_TARGET = 13.4;
				LD_RUNPATH_SEARCH_PATHS = (
					"$(inherited)",
					"@executable_path/Frameworks",
					"@loader_path/Frameworks",
				);
				PRODUCT_BUNDLE_IDENTIFIER = com.quadpay.SDKDemoTests;
				PRODUCT_NAME = "$(TARGET_NAME)";
				TARGETED_DEVICE_FAMILY = "1,2";
				TEST_HOST = "$(BUILT_PRODUCTS_DIR)/SDKDemo.app/SDKDemo";
			};
			name = Release;
		};
		25EAE4C2247436430048BB8C /* Debug */ = {
			isa = XCBuildConfiguration;
			baseConfigurationReference = E31C68F22A59CEBF2351FFB0 /* Pods-SDKDemo-SDKDemoUITests.debug.xcconfig */;
			buildSettings = {
				ALWAYS_EMBED_SWIFT_STANDARD_LIBRARIES = YES;
				CODE_SIGN_STYLE = Automatic;
				DEVELOPMENT_TEAM = F52B2ZHLGH;
				INFOPLIST_FILE = SDKDemoUITests/Info.plist;
				LD_RUNPATH_SEARCH_PATHS = (
					"$(inherited)",
					"@executable_path/Frameworks",
					"@loader_path/Frameworks",
				);
				PRODUCT_BUNDLE_IDENTIFIER = com.quadpay.SDKDemoUITests;
				PRODUCT_NAME = "$(TARGET_NAME)";
				TARGETED_DEVICE_FAMILY = "1,2";
				TEST_TARGET_NAME = SDKDemo;
			};
			name = Debug;
		};
		25EAE4C3247436430048BB8C /* Release */ = {
			isa = XCBuildConfiguration;
			baseConfigurationReference = F17918224633A0AAE2AC9201 /* Pods-SDKDemo-SDKDemoUITests.release.xcconfig */;
			buildSettings = {
				ALWAYS_EMBED_SWIFT_STANDARD_LIBRARIES = YES;
				CODE_SIGN_STYLE = Automatic;
				DEVELOPMENT_TEAM = F52B2ZHLGH;
				INFOPLIST_FILE = SDKDemoUITests/Info.plist;
				LD_RUNPATH_SEARCH_PATHS = (
					"$(inherited)",
					"@executable_path/Frameworks",
					"@loader_path/Frameworks",
				);
				PRODUCT_BUNDLE_IDENTIFIER = com.quadpay.SDKDemoUITests;
				PRODUCT_NAME = "$(TARGET_NAME)";
				TARGETED_DEVICE_FAMILY = "1,2";
				TEST_TARGET_NAME = SDKDemo;
			};
			name = Release;
		};
/* End XCBuildConfiguration section */

/* Begin XCConfigurationList section */
		25EAE484247436410048BB8C /* Build configuration list for PBXProject "SDKDemo" */ = {
			isa = XCConfigurationList;
			buildConfigurations = (
				25EAE4B9247436430048BB8C /* Debug */,
				25EAE4BA247436430048BB8C /* Release */,
			);
			defaultConfigurationIsVisible = 0;
			defaultConfigurationName = Release;
		};
		25EAE4BB247436430048BB8C /* Build configuration list for PBXNativeTarget "SDKDemo" */ = {
			isa = XCConfigurationList;
			buildConfigurations = (
				25EAE4BC247436430048BB8C /* Debug */,
				25EAE4BD247436430048BB8C /* Release */,
			);
			defaultConfigurationIsVisible = 0;
			defaultConfigurationName = Release;
		};
		25EAE4BE247436430048BB8C /* Build configuration list for PBXNativeTarget "SDKDemoTests" */ = {
			isa = XCConfigurationList;
			buildConfigurations = (
				25EAE4BF247436430048BB8C /* Debug */,
				25EAE4C0247436430048BB8C /* Release */,
			);
			defaultConfigurationIsVisible = 0;
			defaultConfigurationName = Release;
		};
		25EAE4C1247436430048BB8C /* Build configuration list for PBXNativeTarget "SDKDemoUITests" */ = {
			isa = XCConfigurationList;
			buildConfigurations = (
				25EAE4C2247436430048BB8C /* Debug */,
				25EAE4C3247436430048BB8C /* Release */,
			);
			defaultConfigurationIsVisible = 0;
			defaultConfigurationName = Release;
		};
/* End XCConfigurationList section */
	};
	rootObject = 25EAE481247436410048BB8C /* Project object */;
}
