// !$*UTF8*$!
{
	archiveVersion = 1;
	classes = {
	};
	objectVersion = 51;
	objects = {

/* Begin PBXBuildFile section */
		14C82751B95509EC95CEBB74 /* Pods_QuadPaySDK_QuadPaySDKTests.framework in Frameworks */ = {isa = PBXBuildFile; fileRef = D76F6D1C762F7F7414BFFAF7 /* Pods_QuadPaySDK_QuadPaySDKTests.framework */; };
		251EC4932469D64300679E88 /* QuadPaySDK.framework in Frameworks */ = {isa = PBXBuildFile; fileRef = 251EC4892469D64300679E88 /* QuadPaySDK.framework */; };
		251EC4982469D64300679E88 /* QuadPaySDKVirtualCheckoutTests.m in Sources */ = {isa = PBXBuildFile; fileRef = 251EC4972469D64300679E88 /* QuadPaySDKVirtualCheckoutTests.m */; };
		251EC49A2469D64300679E88 /* QuadPaySDK.h in Headers */ = {isa = PBXBuildFile; fileRef = 251EC48C2469D64300679E88 /* QuadPaySDK.h */; settings = {ATTRIBUTES = (Public, ); }; };
		251EC4AE2469D7B100679E88 /* QuadPayCheckoutDelegate.h in Headers */ = {isa = PBXBuildFile; fileRef = 251EC4AD2469D7B100679E88 /* QuadPayCheckoutDelegate.h */; settings = {ATTRIBUTES = (Public, ); }; };
		251EC4B02469D7EF00679E88 /* QuadPayWebViewController.h in Headers */ = {isa = PBXBuildFile; fileRef = 251EC4AF2469D7EF00679E88 /* QuadPayWebViewController.h */; settings = {ATTRIBUTES = (Public, ); }; };
		251EC4B42469D87D00679E88 /* QuadPayCheckoutViewController.h in Headers */ = {isa = PBXBuildFile; fileRef = 251EC4B32469D87D00679E88 /* QuadPayCheckoutViewController.h */; settings = {ATTRIBUTES = (Public, ); }; };
		251EC4B62469DC9100679E88 /* QuadPayWebViewController.m in Sources */ = {isa = PBXBuildFile; fileRef = 251EC4B52469DC9100679E88 /* QuadPayWebViewController.m */; };
		251EC4B82469DC9600679E88 /* QuadPayCheckoutViewController.m in Sources */ = {isa = PBXBuildFile; fileRef = 251EC4B72469DC9500679E88 /* QuadPayCheckoutViewController.m */; };
		251EC4BA2469FC5300679E88 /* QuadPayMessageReceiverDelegate.h in Headers */ = {isa = PBXBuildFile; fileRef = 251EC4B92469FC5300679E88 /* QuadPayMessageReceiverDelegate.h */; settings = {ATTRIBUTES = (Public, ); }; };
		251EC4BC246B125700679E88 /* QuadPayCard.h in Headers */ = {isa = PBXBuildFile; fileRef = 251EC4BB246B125700679E88 /* QuadPayCard.h */; settings = {ATTRIBUTES = (Public, ); }; };
		251EC4BE246B127F00679E88 /* QuadPayCardholder.h in Headers */ = {isa = PBXBuildFile; fileRef = 251EC4BD246B127F00679E88 /* QuadPayCardholder.h */; settings = {ATTRIBUTES = (Public, ); }; };
		251EC4C0246B129100679E88 /* QuadPayCustomer.h in Headers */ = {isa = PBXBuildFile; fileRef = 251EC4BF246B129100679E88 /* QuadPayCustomer.h */; settings = {ATTRIBUTES = (Public, ); }; };
		251EC4C2246B14CE00679E88 /* QuadPayCard.m in Sources */ = {isa = PBXBuildFile; fileRef = 251EC4C1246B14CE00679E88 /* QuadPayCard.m */; };
		251EC4C5246B14F800679E88 /* QuadPayCustomer.m in Sources */ = {isa = PBXBuildFile; fileRef = 251EC4C3246B14F800679E88 /* QuadPayCustomer.m */; };
		251EC4C6246B14F800679E88 /* QuadPayCardholder.m in Sources */ = {isa = PBXBuildFile; fileRef = 251EC4C4246B14F800679E88 /* QuadPayCardholder.m */; };
		251EC4C8246B19ED00679E88 /* QuadPayVirtualCheckoutDelegate.h in Headers */ = {isa = PBXBuildFile; fileRef = 251EC4C7246B19ED00679E88 /* QuadPayVirtualCheckoutDelegate.h */; settings = {ATTRIBUTES = (Public, ); }; };
		251EC4CB246B1C6500679E88 /* QuadPayVirtualCheckoutViewController.m in Sources */ = {isa = PBXBuildFile; fileRef = 251EC4C9246B1C6400679E88 /* QuadPayVirtualCheckoutViewController.m */; };
		251EC4CC246B1C6500679E88 /* QuadPayVirtualCheckoutViewController.h in Headers */ = {isa = PBXBuildFile; fileRef = 251EC4CA246B1C6500679E88 /* QuadPayVirtualCheckoutViewController.h */; settings = {ATTRIBUTES = (Public, ); }; };
		251EC4CE246C9E3900679E88 /* QuadPayCheckoutDetails.h in Headers */ = {isa = PBXBuildFile; fileRef = 251EC4CD246C9E3900679E88 /* QuadPayCheckoutDetails.h */; settings = {ATTRIBUTES = (Public, ); }; };
		251EC4D0246F01C100679E88 /* QuadPayCheckoutDetails.m in Sources */ = {isa = PBXBuildFile; fileRef = 251EC4CF246F01C100679E88 /* QuadPayCheckoutDetails.m */; };
		251EC4D3246F0AB700679E88 /* QuadPay.m in Sources */ = {isa = PBXBuildFile; fileRef = 251EC4D1246F0AB700679E88 /* QuadPay.m */; };
		251EC4D4246F0AB700679E88 /* QuadPay.h in Headers */ = {isa = PBXBuildFile; fileRef = 251EC4D2246F0AB700679E88 /* QuadPay.h */; settings = {ATTRIBUTES = (Public, ); }; };
		251EC4D62472E51D00679E88 /* QuadPaySDKCheckoutTests.m in Sources */ = {isa = PBXBuildFile; fileRef = 251EC4D52472E51D00679E88 /* QuadPaySDKCheckoutTests.m */; };
		251EC4D92472ED8400679E88 /* CheckoutSuccessfulMessage.h in Headers */ = {isa = PBXBuildFile; fileRef = 251EC4D82472ED8400679E88 /* CheckoutSuccessfulMessage.h */; settings = {ATTRIBUTES = (Public, ); }; };
		251EC4DB2472EE9C00679E88 /* CheckoutSuccessfulMessage.m in Sources */ = {isa = PBXBuildFile; fileRef = 251EC4DA2472EE9C00679E88 /* CheckoutSuccessfulMessage.m */; };
		251EC4DE2472EFDC00679E88 /* ExceptionMessage.m in Sources */ = {isa = PBXBuildFile; fileRef = 251EC4DC2472EFDC00679E88 /* ExceptionMessage.m */; };
		251EC4DF2472EFDC00679E88 /* ExceptionMessage.h in Headers */ = {isa = PBXBuildFile; fileRef = 251EC4DD2472EFDC00679E88 /* ExceptionMessage.h */; settings = {ATTRIBUTES = (Public, ); }; };
		251EC4E62472F46300679E88 /* CheckoutCancelledMessage.h in Headers */ = {isa = PBXBuildFile; fileRef = 251EC4E42472F46300679E88 /* CheckoutCancelledMessage.h */; settings = {ATTRIBUTES = (Public, ); }; };
		251EC4E72472F46300679E88 /* CheckoutCancelledMessage.m in Sources */ = {isa = PBXBuildFile; fileRef = 251EC4E52472F46300679E88 /* CheckoutCancelledMessage.m */; };
		251EC4EA247313F900679E88 /* VirtualCheckoutSuccessfulMessage.h in Headers */ = {isa = PBXBuildFile; fileRef = 251EC4E8247313F900679E88 /* VirtualCheckoutSuccessfulMessage.h */; settings = {ATTRIBUTES = (Public, ); }; };
		251EC4EB247313F900679E88 /* VirtualCheckoutSuccessfulMessage.m in Sources */ = {isa = PBXBuildFile; fileRef = 251EC4E9247313F900679E88 /* VirtualCheckoutSuccessfulMessage.m */; };
		251EC4EE2473262200679E88 /* QuadPayURLBuilder.h in Headers */ = {isa = PBXBuildFile; fileRef = 251EC4EC2473262200679E88 /* QuadPayURLBuilder.h */; settings = {ATTRIBUTES = (Public, ); }; };
		251EC4EF2473262200679E88 /* QuadPayURLBuilder.m in Sources */ = {isa = PBXBuildFile; fileRef = 251EC4ED2473262200679E88 /* QuadPayURLBuilder.m */; };
		29A93D0328EB309100C6D3C6 /* SegmentAnalytics.swift in Sources */ = {isa = PBXBuildFile; fileRef = 29A93D0228EB309100C6D3C6 /* SegmentAnalytics.swift */; };
		29A93D0428EB349B00C6D3C6 /* SegmentAnalytics.swift in Headers */ = {isa = PBXBuildFile; fileRef = 29A93D0228EB309100C6D3C6 /* SegmentAnalytics.swift */; settings = {ATTRIBUTES = (Public, ); }; };
		50A83BFA012F7768BA31B284 /* Pods_QuadPaySDK.framework in Frameworks */ = {isa = PBXBuildFile; fileRef = CB642BE8C72A75FE29816711 /* Pods_QuadPaySDK.framework */; };
/* End PBXBuildFile section */

/* Begin PBXContainerItemProxy section */
		251EC4942469D64300679E88 /* PBXContainerItemProxy */ = {
			isa = PBXContainerItemProxy;
			containerPortal = 251EC4802469D64300679E88 /* Project object */;
			proxyType = 1;
			remoteGlobalIDString = 251EC4882469D64300679E88;
			remoteInfo = QuadPaySDK;
		};
/* End PBXContainerItemProxy section */

/* Begin PBXFileReference section */
		251EC4892469D64300679E88 /* QuadPaySDK.framework */ = {isa = PBXFileReference; explicitFileType = wrapper.framework; includeInIndex = 0; path = QuadPaySDK.framework; sourceTree = BUILT_PRODUCTS_DIR; };
		251EC48C2469D64300679E88 /* QuadPaySDK.h */ = {isa = PBXFileReference; lastKnownFileType = sourcecode.c.h; path = QuadPaySDK.h; sourceTree = "<group>"; };
		251EC48D2469D64300679E88 /* Info.plist */ = {isa = PBXFileReference; lastKnownFileType = text.plist.xml; path = Info.plist; sourceTree = "<group>"; };
		251EC4922469D64300679E88 /* QuadPaySDKTests.xctest */ = {isa = PBXFileReference; explicitFileType = wrapper.cfbundle; includeInIndex = 0; path = QuadPaySDKTests.xctest; sourceTree = BUILT_PRODUCTS_DIR; };
		251EC4972469D64300679E88 /* QuadPaySDKVirtualCheckoutTests.m */ = {isa = PBXFileReference; lastKnownFileType = sourcecode.c.objc; path = QuadPaySDKVirtualCheckoutTests.m; sourceTree = "<group>"; };
		251EC4992469D64300679E88 /* Info.plist */ = {isa = PBXFileReference; lastKnownFileType = text.plist.xml; path = Info.plist; sourceTree = "<group>"; };
		251EC4AD2469D7B100679E88 /* QuadPayCheckoutDelegate.h */ = {isa = PBXFileReference; lastKnownFileType = sourcecode.c.h; path = QuadPayCheckoutDelegate.h; sourceTree = "<group>"; };
		251EC4AF2469D7EF00679E88 /* QuadPayWebViewController.h */ = {isa = PBXFileReference; fileEncoding = 4; lastKnownFileType = sourcecode.c.h; path = QuadPayWebViewController.h; sourceTree = "<group>"; };
		251EC4B32469D87D00679E88 /* QuadPayCheckoutViewController.h */ = {isa = PBXFileReference; fileEncoding = 4; lastKnownFileType = sourcecode.c.h; path = QuadPayCheckoutViewController.h; sourceTree = "<group>"; };
		251EC4B52469DC9100679E88 /* QuadPayWebViewController.m */ = {isa = PBXFileReference; fileEncoding = 4; lastKnownFileType = sourcecode.c.objc; path = QuadPayWebViewController.m; sourceTree = "<group>"; };
		251EC4B72469DC9500679E88 /* QuadPayCheckoutViewController.m */ = {isa = PBXFileReference; fileEncoding = 4; lastKnownFileType = sourcecode.c.objc; path = QuadPayCheckoutViewController.m; sourceTree = "<group>"; };
		251EC4B92469FC5300679E88 /* QuadPayMessageReceiverDelegate.h */ = {isa = PBXFileReference; fileEncoding = 4; lastKnownFileType = sourcecode.c.h; path = QuadPayMessageReceiverDelegate.h; sourceTree = "<group>"; };
		251EC4BB246B125700679E88 /* QuadPayCard.h */ = {isa = PBXFileReference; lastKnownFileType = sourcecode.c.h; path = QuadPayCard.h; sourceTree = "<group>"; };
		251EC4BD246B127F00679E88 /* QuadPayCardholder.h */ = {isa = PBXFileReference; lastKnownFileType = sourcecode.c.h; path = QuadPayCardholder.h; sourceTree = "<group>"; };
		251EC4BF246B129100679E88 /* QuadPayCustomer.h */ = {isa = PBXFileReference; lastKnownFileType = sourcecode.c.h; path = QuadPayCustomer.h; sourceTree = "<group>"; };
		251EC4C1246B14CE00679E88 /* QuadPayCard.m */ = {isa = PBXFileReference; lastKnownFileType = sourcecode.c.objc; path = QuadPayCard.m; sourceTree = "<group>"; };
		251EC4C3246B14F800679E88 /* QuadPayCustomer.m */ = {isa = PBXFileReference; fileEncoding = 4; lastKnownFileType = sourcecode.c.objc; path = QuadPayCustomer.m; sourceTree = "<group>"; };
		251EC4C4246B14F800679E88 /* QuadPayCardholder.m */ = {isa = PBXFileReference; fileEncoding = 4; lastKnownFileType = sourcecode.c.objc; path = QuadPayCardholder.m; sourceTree = "<group>"; };
		251EC4C7246B19ED00679E88 /* QuadPayVirtualCheckoutDelegate.h */ = {isa = PBXFileReference; fileEncoding = 4; lastKnownFileType = sourcecode.c.h; path = QuadPayVirtualCheckoutDelegate.h; sourceTree = "<group>"; };
		251EC4C9246B1C6400679E88 /* QuadPayVirtualCheckoutViewController.m */ = {isa = PBXFileReference; fileEncoding = 4; lastKnownFileType = sourcecode.c.objc; path = QuadPayVirtualCheckoutViewController.m; sourceTree = "<group>"; };
		251EC4CA246B1C6500679E88 /* QuadPayVirtualCheckoutViewController.h */ = {isa = PBXFileReference; fileEncoding = 4; lastKnownFileType = sourcecode.c.h; path = QuadPayVirtualCheckoutViewController.h; sourceTree = "<group>"; };
		251EC4CD246C9E3900679E88 /* QuadPayCheckoutDetails.h */ = {isa = PBXFileReference; lastKnownFileType = sourcecode.c.h; path = QuadPayCheckoutDetails.h; sourceTree = "<group>"; };
		251EC4CF246F01C100679E88 /* QuadPayCheckoutDetails.m */ = {isa = PBXFileReference; fileEncoding = 4; lastKnownFileType = sourcecode.c.objc; path = QuadPayCheckoutDetails.m; sourceTree = "<group>"; };
		251EC4D1246F0AB700679E88 /* QuadPay.m */ = {isa = PBXFileReference; fileEncoding = 4; lastKnownFileType = sourcecode.c.objc; path = QuadPay.m; sourceTree = "<group>"; };
		251EC4D2246F0AB700679E88 /* QuadPay.h */ = {isa = PBXFileReference; fileEncoding = 4; lastKnownFileType = sourcecode.c.h; path = QuadPay.h; sourceTree = "<group>"; };
		251EC4D52472E51D00679E88 /* QuadPaySDKCheckoutTests.m */ = {isa = PBXFileReference; fileEncoding = 4; lastKnownFileType = sourcecode.c.objc; path = QuadPaySDKCheckoutTests.m; sourceTree = "<group>"; };
		251EC4D82472ED8400679E88 /* CheckoutSuccessfulMessage.h */ = {isa = PBXFileReference; lastKnownFileType = sourcecode.c.h; path = CheckoutSuccessfulMessage.h; sourceTree = "<group>"; };
		251EC4DA2472EE9C00679E88 /* CheckoutSuccessfulMessage.m */ = {isa = PBXFileReference; fileEncoding = 4; lastKnownFileType = sourcecode.c.objc; path = CheckoutSuccessfulMessage.m; sourceTree = "<group>"; };
		251EC4DC2472EFDC00679E88 /* ExceptionMessage.m */ = {isa = PBXFileReference; fileEncoding = 4; lastKnownFileType = sourcecode.c.objc; path = ExceptionMessage.m; sourceTree = "<group>"; };
		251EC4DD2472EFDC00679E88 /* ExceptionMessage.h */ = {isa = PBXFileReference; fileEncoding = 4; lastKnownFileType = sourcecode.c.h; path = ExceptionMessage.h; sourceTree = "<group>"; };
		251EC4E42472F46300679E88 /* CheckoutCancelledMessage.h */ = {isa = PBXFileReference; fileEncoding = 4; lastKnownFileType = sourcecode.c.h; path = CheckoutCancelledMessage.h; sourceTree = "<group>"; };
		251EC4E52472F46300679E88 /* CheckoutCancelledMessage.m */ = {isa = PBXFileReference; fileEncoding = 4; lastKnownFileType = sourcecode.c.objc; path = CheckoutCancelledMessage.m; sourceTree = "<group>"; };
		251EC4E8247313F900679E88 /* VirtualCheckoutSuccessfulMessage.h */ = {isa = PBXFileReference; fileEncoding = 4; lastKnownFileType = sourcecode.c.h; path = VirtualCheckoutSuccessfulMessage.h; sourceTree = "<group>"; };
		251EC4E9247313F900679E88 /* VirtualCheckoutSuccessfulMessage.m */ = {isa = PBXFileReference; fileEncoding = 4; lastKnownFileType = sourcecode.c.objc; path = VirtualCheckoutSuccessfulMessage.m; sourceTree = "<group>"; };
		251EC4EC2473262200679E88 /* QuadPayURLBuilder.h */ = {isa = PBXFileReference; fileEncoding = 4; lastKnownFileType = sourcecode.c.h; path = QuadPayURLBuilder.h; sourceTree = "<group>"; };
		251EC4ED2473262200679E88 /* QuadPayURLBuilder.m */ = {isa = PBXFileReference; fileEncoding = 4; lastKnownFileType = sourcecode.c.objc; path = QuadPayURLBuilder.m; sourceTree = "<group>"; };
		29A93D0228EB309100C6D3C6 /* SegmentAnalytics.swift */ = {isa = PBXFileReference; lastKnownFileType = sourcecode.swift; path = SegmentAnalytics.swift; sourceTree = "<group>"; };
		29A93D0928EB38BA00C6D3C6 /* DebugSettings.xcconfig */ = {isa = PBXFileReference; lastKnownFileType = text.xcconfig; path = DebugSettings.xcconfig; sourceTree = "<group>"; };
		B1BD2AABA2DBF889DE3995AE /* Pods-QuadPaySDK-QuadPaySDKTests.release.xcconfig */ = {isa = PBXFileReference; includeInIndex = 1; lastKnownFileType = text.xcconfig; name = "Pods-QuadPaySDK-QuadPaySDKTests.release.xcconfig"; path = "Target Support Files/Pods-QuadPaySDK-QuadPaySDKTests/Pods-QuadPaySDK-QuadPaySDKTests.release.xcconfig"; sourceTree = "<group>"; };
		CB642BE8C72A75FE29816711 /* Pods_QuadPaySDK.framework */ = {isa = PBXFileReference; explicitFileType = wrapper.framework; includeInIndex = 0; path = Pods_QuadPaySDK.framework; sourceTree = BUILT_PRODUCTS_DIR; };
		D76F6D1C762F7F7414BFFAF7 /* Pods_QuadPaySDK_QuadPaySDKTests.framework */ = {isa = PBXFileReference; explicitFileType = wrapper.framework; includeInIndex = 0; path = Pods_QuadPaySDK_QuadPaySDKTests.framework; sourceTree = BUILT_PRODUCTS_DIR; };
		DE7D7FADCAC883B065A7BD80 /* Pods-QuadPaySDK-QuadPaySDKTests.debug.xcconfig */ = {isa = PBXFileReference; includeInIndex = 1; lastKnownFileType = text.xcconfig; name = "Pods-QuadPaySDK-QuadPaySDKTests.debug.xcconfig"; path = "Target Support Files/Pods-QuadPaySDK-QuadPaySDKTests/Pods-QuadPaySDK-QuadPaySDKTests.debug.xcconfig"; sourceTree = "<group>"; };
		ED1705C9A7D7EC25D015BD90 /* Pods-QuadPaySDK.release.xcconfig */ = {isa = PBXFileReference; includeInIndex = 1; lastKnownFileType = text.xcconfig; name = "Pods-QuadPaySDK.release.xcconfig"; path = "Target Support Files/Pods-QuadPaySDK/Pods-QuadPaySDK.release.xcconfig"; sourceTree = "<group>"; };
		EF315437917D1E13CE3E83B4 /* Pods-QuadPaySDK.debug.xcconfig */ = {isa = PBXFileReference; includeInIndex = 1; lastKnownFileType = text.xcconfig; name = "Pods-QuadPaySDK.debug.xcconfig"; path = "Target Support Files/Pods-QuadPaySDK/Pods-QuadPaySDK.debug.xcconfig"; sourceTree = "<group>"; };
/* End PBXFileReference section */

/* Begin PBXFrameworksBuildPhase section */
		251EC4862469D64300679E88 /* Frameworks */ = {
			isa = PBXFrameworksBuildPhase;
			buildActionMask = 2147483647;
			files = (
				50A83BFA012F7768BA31B284 /* Pods_QuadPaySDK.framework in Frameworks */,
			);
			runOnlyForDeploymentPostprocessing = 0;
		};
		251EC48F2469D64300679E88 /* Frameworks */ = {
			isa = PBXFrameworksBuildPhase;
			buildActionMask = 2147483647;
			files = (
				251EC4932469D64300679E88 /* QuadPaySDK.framework in Frameworks */,
				14C82751B95509EC95CEBB74 /* Pods_QuadPaySDK_QuadPaySDKTests.framework in Frameworks */,
			);
			runOnlyForDeploymentPostprocessing = 0;
		};
/* End PBXFrameworksBuildPhase section */

/* Begin PBXGroup section */
		251EC47F2469D64300679E88 = {
			isa = PBXGroup;
			children = (
				251EC48B2469D64300679E88 /* QuadPaySDK */,
				251EC4962469D64300679E88 /* QuadPaySDKTests */,
				251EC48A2469D64300679E88 /* Products */,
				C893F7405A64030A2E8A0294 /* Pods */,
				2B4AA350EDE2B80F0B518D75 /* Frameworks */,
			);
			sourceTree = "<group>";
		};
		251EC48A2469D64300679E88 /* Products */ = {
			isa = PBXGroup;
			children = (
				251EC4892469D64300679E88 /* QuadPaySDK.framework */,
				251EC4922469D64300679E88 /* QuadPaySDKTests.xctest */,
			);
			name = Products;
			sourceTree = "<group>";
		};
		251EC48B2469D64300679E88 /* QuadPaySDK */ = {
			isa = PBXGroup;
			children = (
				29A93CFA28E7872100C6D3C6 /* Services */,
				251EC4EC2473262200679E88 /* QuadPayURLBuilder.h */,
				251EC4ED2473262200679E88 /* QuadPayURLBuilder.m */,
				251EC4D2246F0AB700679E88 /* QuadPay.h */,
				251EC4D72472ED6700679E88 /* GatewayMessages */,
				251EC4D1246F0AB700679E88 /* QuadPay.m */,
				251EC4CF246F01C100679E88 /* QuadPayCheckoutDetails.m */,
				251EC4CA246B1C6500679E88 /* QuadPayVirtualCheckoutViewController.h */,
				251EC4C9246B1C6400679E88 /* QuadPayVirtualCheckoutViewController.m */,
				251EC4C7246B19ED00679E88 /* QuadPayVirtualCheckoutDelegate.h */,
				251EC4C4246B14F800679E88 /* QuadPayCardholder.m */,
				251EC4C3246B14F800679E88 /* QuadPayCustomer.m */,
				251EC4B72469DC9500679E88 /* QuadPayCheckoutViewController.m */,
				251EC4B92469FC5300679E88 /* QuadPayMessageReceiverDelegate.h */,
				251EC4B52469DC9100679E88 /* QuadPayWebViewController.m */,
				251EC4B32469D87D00679E88 /* QuadPayCheckoutViewController.h */,
				251EC4AF2469D7EF00679E88 /* QuadPayWebViewController.h */,
				251EC48C2469D64300679E88 /* QuadPaySDK.h */,
				251EC4AD2469D7B100679E88 /* QuadPayCheckoutDelegate.h */,
				251EC48D2469D64300679E88 /* Info.plist */,
				251EC4BB246B125700679E88 /* QuadPayCard.h */,
				251EC4C1246B14CE00679E88 /* QuadPayCard.m */,
				251EC4BD246B127F00679E88 /* QuadPayCardholder.h */,
				251EC4BF246B129100679E88 /* QuadPayCustomer.h */,
				251EC4CD246C9E3900679E88 /* QuadPayCheckoutDetails.h */,
				29A93D0928EB38BA00C6D3C6 /* DebugSettings.xcconfig */,
			);
			path = QuadPaySDK;
			sourceTree = "<group>";
		};
		251EC4962469D64300679E88 /* QuadPaySDKTests */ = {
			isa = PBXGroup;
			children = (
				251EC4D52472E51D00679E88 /* QuadPaySDKCheckoutTests.m */,
				251EC4972469D64300679E88 /* QuadPaySDKVirtualCheckoutTests.m */,
				251EC4992469D64300679E88 /* Info.plist */,
			);
			path = QuadPaySDKTests;
			sourceTree = "<group>";
		};
		251EC4D72472ED6700679E88 /* GatewayMessages */ = {
			isa = PBXGroup;
			children = (
				251EC4E8247313F900679E88 /* VirtualCheckoutSuccessfulMessage.h */,
				251EC4E9247313F900679E88 /* VirtualCheckoutSuccessfulMessage.m */,
				251EC4E42472F46300679E88 /* CheckoutCancelledMessage.h */,
				251EC4E52472F46300679E88 /* CheckoutCancelledMessage.m */,
				251EC4DD2472EFDC00679E88 /* ExceptionMessage.h */,
				251EC4DC2472EFDC00679E88 /* ExceptionMessage.m */,
				251EC4DA2472EE9C00679E88 /* CheckoutSuccessfulMessage.m */,
				251EC4D82472ED8400679E88 /* CheckoutSuccessfulMessage.h */,
			);
			path = GatewayMessages;
			sourceTree = "<group>";
		};
		29A93CFA28E7872100C6D3C6 /* Services */ = {
			isa = PBXGroup;
			children = (
				29A93D0228EB309100C6D3C6 /* SegmentAnalytics.swift */,
			);
			path = Services;
			sourceTree = "<group>";
		};
		2B4AA350EDE2B80F0B518D75 /* Frameworks */ = {
			isa = PBXGroup;
			children = (
				CB642BE8C72A75FE29816711 /* Pods_QuadPaySDK.framework */,
				D76F6D1C762F7F7414BFFAF7 /* Pods_QuadPaySDK_QuadPaySDKTests.framework */,
			);
			name = Frameworks;
			sourceTree = "<group>";
		};
		C893F7405A64030A2E8A0294 /* Pods */ = {
			isa = PBXGroup;
			children = (
				EF315437917D1E13CE3E83B4 /* Pods-QuadPaySDK.debug.xcconfig */,
				ED1705C9A7D7EC25D015BD90 /* Pods-QuadPaySDK.release.xcconfig */,
				DE7D7FADCAC883B065A7BD80 /* Pods-QuadPaySDK-QuadPaySDKTests.debug.xcconfig */,
				B1BD2AABA2DBF889DE3995AE /* Pods-QuadPaySDK-QuadPaySDKTests.release.xcconfig */,
			);
			path = Pods;
			sourceTree = "<group>";
		};
/* End PBXGroup section */

/* Begin PBXHeadersBuildPhase section */
		251EC4842469D64300679E88 /* Headers */ = {
			isa = PBXHeadersBuildPhase;
			buildActionMask = 2147483647;
			files = (
				251EC49A2469D64300679E88 /* QuadPaySDK.h in Headers */,
				251EC4DF2472EFDC00679E88 /* ExceptionMessage.h in Headers */,
				251EC4D4246F0AB700679E88 /* QuadPay.h in Headers */,
				251EC4EA247313F900679E88 /* VirtualCheckoutSuccessfulMessage.h in Headers */,
				251EC4EE2473262200679E88 /* QuadPayURLBuilder.h in Headers */,
				251EC4D92472ED8400679E88 /* CheckoutSuccessfulMessage.h in Headers */,
				251EC4CC246B1C6500679E88 /* QuadPayVirtualCheckoutViewController.h in Headers */,
				251EC4B02469D7EF00679E88 /* QuadPayWebViewController.h in Headers */,
				251EC4CE246C9E3900679E88 /* QuadPayCheckoutDetails.h in Headers */,
				251EC4AE2469D7B100679E88 /* QuadPayCheckoutDelegate.h in Headers */,
				251EC4BA2469FC5300679E88 /* QuadPayMessageReceiverDelegate.h in Headers */,
				251EC4E62472F46300679E88 /* CheckoutCancelledMessage.h in Headers */,
				251EC4BC246B125700679E88 /* QuadPayCard.h in Headers */,
				251EC4B42469D87D00679E88 /* QuadPayCheckoutViewController.h in Headers */,
				251EC4C8246B19ED00679E88 /* QuadPayVirtualCheckoutDelegate.h in Headers */,
				251EC4C0246B129100679E88 /* QuadPayCustomer.h in Headers */,
				251EC4BE246B127F00679E88 /* QuadPayCardholder.h in Headers */,
				29A93D0428EB349B00C6D3C6 /* SegmentAnalytics.swift in Headers */,
			);
			runOnlyForDeploymentPostprocessing = 0;
		};
/* End PBXHeadersBuildPhase section */

/* Begin PBXNativeTarget section */
		251EC4882469D64300679E88 /* QuadPaySDK */ = {
			isa = PBXNativeTarget;
			buildConfigurationList = 251EC49D2469D64300679E88 /* Build configuration list for PBXNativeTarget "QuadPaySDK" */;
			buildPhases = (
				9C4AB08E90878E05DD3F4368 /* [CP] Check Pods Manifest.lock */,
				251EC4842469D64300679E88 /* Headers */,
				251EC4852469D64300679E88 /* Sources */,
				251EC4862469D64300679E88 /* Frameworks */,
				251EC4872469D64300679E88 /* Resources */,
			);
			buildRules = (
			);
			dependencies = (
			);
			name = QuadPaySDK;
			productName = QuadPaySDK;
			productReference = 251EC4892469D64300679E88 /* QuadPaySDK.framework */;
			productType = "com.apple.product-type.framework";
		};
		251EC4912469D64300679E88 /* QuadPaySDKTests */ = {
			isa = PBXNativeTarget;
			buildConfigurationList = 251EC4A02469D64300679E88 /* Build configuration list for PBXNativeTarget "QuadPaySDKTests" */;
			buildPhases = (
				BFE0CAF5EED816894752A394 /* [CP] Check Pods Manifest.lock */,
				251EC48E2469D64300679E88 /* Sources */,
				251EC48F2469D64300679E88 /* Frameworks */,
				251EC4902469D64300679E88 /* Resources */,
				32EBC79A27355DDE0A44D065 /* [CP] Embed Pods Frameworks */,
			);
			buildRules = (
			);
			dependencies = (
				251EC4952469D64300679E88 /* PBXTargetDependency */,
			);
			name = QuadPaySDKTests;
			productName = QuadPaySDKTests;
			productReference = 251EC4922469D64300679E88 /* QuadPaySDKTests.xctest */;
			productType = "com.apple.product-type.bundle.unit-test";
		};
/* End PBXNativeTarget section */

/* Begin PBXProject section */
		251EC4802469D64300679E88 /* Project object */ = {
			isa = PBXProject;
			attributes = {
				LastUpgradeCheck = 1230;
				ORGANIZATIONNAME = QuadPay;
				TargetAttributes = {
					251EC4882469D64300679E88 = {
						CreatedOnToolsVersion = 11.4.1;
						LastSwiftMigration = 1400;
					};
					251EC4912469D64300679E88 = {
						CreatedOnToolsVersion = 11.4.1;
					};
				};
			};
			buildConfigurationList = 251EC4832469D64300679E88 /* Build configuration list for PBXProject "QuadPaySDK" */;
			compatibilityVersion = "Xcode 9.3";
			developmentRegion = en;
			hasScannedForEncodings = 0;
			knownRegions = (
				en,
				Base,
			);
			mainGroup = 251EC47F2469D64300679E88;
			productRefGroup = 251EC48A2469D64300679E88 /* Products */;
			projectDirPath = "";
			projectRoot = "";
			targets = (
				251EC4882469D64300679E88 /* QuadPaySDK */,
				251EC4912469D64300679E88 /* QuadPaySDKTests */,
			);
		};
/* End PBXProject section */

/* Begin PBXResourcesBuildPhase section */
		251EC4872469D64300679E88 /* Resources */ = {
			isa = PBXResourcesBuildPhase;
			buildActionMask = 2147483647;
			files = (
			);
			runOnlyForDeploymentPostprocessing = 0;
		};
		251EC4902469D64300679E88 /* Resources */ = {
			isa = PBXResourcesBuildPhase;
			buildActionMask = 2147483647;
			files = (
			);
			runOnlyForDeploymentPostprocessing = 0;
		};
/* End PBXResourcesBuildPhase section */

/* Begin PBXShellScriptBuildPhase section */
		32EBC79A27355DDE0A44D065 /* [CP] Embed Pods Frameworks */ = {
			isa = PBXShellScriptBuildPhase;
			buildActionMask = 2147483647;
			files = (
			);
			inputFileListPaths = (
				"${PODS_ROOT}/Target Support Files/Pods-QuadPaySDK-QuadPaySDKTests/Pods-QuadPaySDK-QuadPaySDKTests-frameworks-${CONFIGURATION}-input-files.xcfilelist",
			);
			name = "[CP] Embed Pods Frameworks";
			outputFileListPaths = (
				"${PODS_ROOT}/Target Support Files/Pods-QuadPaySDK-QuadPaySDKTests/Pods-QuadPaySDK-QuadPaySDKTests-frameworks-${CONFIGURATION}-output-files.xcfilelist",
			);
			runOnlyForDeploymentPostprocessing = 0;
			shellPath = /bin/sh;
			shellScript = "\"${PODS_ROOT}/Target Support Files/Pods-QuadPaySDK-QuadPaySDKTests/Pods-QuadPaySDK-QuadPaySDKTests-frameworks.sh\"\n";
			showEnvVarsInLog = 0;
		};
		9C4AB08E90878E05DD3F4368 /* [CP] Check Pods Manifest.lock */ = {
			isa = PBXShellScriptBuildPhase;
			buildActionMask = 2147483647;
			files = (
			);
			inputFileListPaths = (
			);
			inputPaths = (
				"${PODS_PODFILE_DIR_PATH}/Podfile.lock",
				"${PODS_ROOT}/Manifest.lock",
			);
			name = "[CP] Check Pods Manifest.lock";
			outputFileListPaths = (
			);
			outputPaths = (
				"$(DERIVED_FILE_DIR)/Pods-QuadPaySDK-checkManifestLockResult.txt",
			);
			runOnlyForDeploymentPostprocessing = 0;
			shellPath = /bin/sh;
			shellScript = "diff \"${PODS_PODFILE_DIR_PATH}/Podfile.lock\" \"${PODS_ROOT}/Manifest.lock\" > /dev/null\nif [ $? != 0 ] ; then\n    # print error to STDERR\n    echo \"error: The sandbox is not in sync with the Podfile.lock. Run 'pod install' or update your CocoaPods installation.\" >&2\n    exit 1\nfi\n# This output is used by Xcode 'outputs' to avoid re-running this script phase.\necho \"SUCCESS\" > \"${SCRIPT_OUTPUT_FILE_0}\"\n";
			showEnvVarsInLog = 0;
		};
		BFE0CAF5EED816894752A394 /* [CP] Check Pods Manifest.lock */ = {
			isa = PBXShellScriptBuildPhase;
			buildActionMask = 2147483647;
			files = (
			);
			inputFileListPaths = (
			);
			inputPaths = (
				"${PODS_PODFILE_DIR_PATH}/Podfile.lock",
				"${PODS_ROOT}/Manifest.lock",
			);
			name = "[CP] Check Pods Manifest.lock";
			outputFileListPaths = (
			);
			outputPaths = (
				"$(DERIVED_FILE_DIR)/Pods-QuadPaySDK-QuadPaySDKTests-checkManifestLockResult.txt",
			);
			runOnlyForDeploymentPostprocessing = 0;
			shellPath = /bin/sh;
			shellScript = "diff \"${PODS_PODFILE_DIR_PATH}/Podfile.lock\" \"${PODS_ROOT}/Manifest.lock\" > /dev/null\nif [ $? != 0 ] ; then\n    # print error to STDERR\n    echo \"error: The sandbox is not in sync with the Podfile.lock. Run 'pod install' or update your CocoaPods installation.\" >&2\n    exit 1\nfi\n# This output is used by Xcode 'outputs' to avoid re-running this script phase.\necho \"SUCCESS\" > \"${SCRIPT_OUTPUT_FILE_0}\"\n";
			showEnvVarsInLog = 0;
		};
/* End PBXShellScriptBuildPhase section */

/* Begin PBXSourcesBuildPhase section */
		251EC4852469D64300679E88 /* Sources */ = {
			isa = PBXSourcesBuildPhase;
			buildActionMask = 2147483647;
			files = (
				251EC4E72472F46300679E88 /* CheckoutCancelledMessage.m in Sources */,
				251EC4CB246B1C6500679E88 /* QuadPayVirtualCheckoutViewController.m in Sources */,
				251EC4DE2472EFDC00679E88 /* ExceptionMessage.m in Sources */,
				251EC4D3246F0AB700679E88 /* QuadPay.m in Sources */,
				251EC4D0246F01C100679E88 /* QuadPayCheckoutDetails.m in Sources */,
				251EC4EF2473262200679E88 /* QuadPayURLBuilder.m in Sources */,
				251EC4B82469DC9600679E88 /* QuadPayCheckoutViewController.m in Sources */,
				251EC4C6246B14F800679E88 /* QuadPayCardholder.m in Sources */,
				251EC4C2246B14CE00679E88 /* QuadPayCard.m in Sources */,
				251EC4B62469DC9100679E88 /* QuadPayWebViewController.m in Sources */,
				251EC4DB2472EE9C00679E88 /* CheckoutSuccessfulMessage.m in Sources */,
				29A93D0328EB309100C6D3C6 /* SegmentAnalytics.swift in Sources */,
				251EC4C5246B14F800679E88 /* QuadPayCustomer.m in Sources */,
				251EC4EB247313F900679E88 /* VirtualCheckoutSuccessfulMessage.m in Sources */,
			);
			runOnlyForDeploymentPostprocessing = 0;
		};
		251EC48E2469D64300679E88 /* Sources */ = {
			isa = PBXSourcesBuildPhase;
			buildActionMask = 2147483647;
			files = (
				251EC4D62472E51D00679E88 /* QuadPaySDKCheckoutTests.m in Sources */,
				251EC4982469D64300679E88 /* QuadPaySDKVirtualCheckoutTests.m in Sources */,
			);
			runOnlyForDeploymentPostprocessing = 0;
		};
/* End PBXSourcesBuildPhase section */

/* Begin PBXTargetDependency section */
		251EC4952469D64300679E88 /* PBXTargetDependency */ = {
			isa = PBXTargetDependency;
			target = 251EC4882469D64300679E88 /* QuadPaySDK */;
			targetProxy = 251EC4942469D64300679E88 /* PBXContainerItemProxy */;
		};
/* End PBXTargetDependency section */

/* Begin XCBuildConfiguration section */
		251EC49B2469D64300679E88 /* Debug */ = {
			isa = XCBuildConfiguration;
			buildSettings = {
				ALWAYS_SEARCH_USER_PATHS = NO;
				CLANG_ANALYZER_NONNULL = YES;
				CLANG_ANALYZER_NUMBER_OBJECT_CONVERSION = YES_AGGRESSIVE;
				CLANG_CXX_LANGUAGE_STANDARD = "gnu++14";
				CLANG_CXX_LIBRARY = "libc++";
				CLANG_ENABLE_MODULES = YES;
				CLANG_ENABLE_OBJC_ARC = YES;
				CLANG_ENABLE_OBJC_WEAK = YES;
				CLANG_WARN_BLOCK_CAPTURE_AUTORELEASING = YES;
				CLANG_WARN_BOOL_CONVERSION = YES;
				CLANG_WARN_COMMA = YES;
				CLANG_WARN_CONSTANT_CONVERSION = YES;
				CLANG_WARN_DEPRECATED_OBJC_IMPLEMENTATIONS = YES;
				CLANG_WARN_DIRECT_OBJC_ISA_USAGE = YES_ERROR;
				CLANG_WARN_DOCUMENTATION_COMMENTS = YES;
				CLANG_WARN_EMPTY_BODY = YES;
				CLANG_WARN_ENUM_CONVERSION = YES;
				CLANG_WARN_INFINITE_RECURSION = YES;
				CLANG_WARN_INT_CONVERSION = YES;
				CLANG_WARN_NON_LITERAL_NULL_CONVERSION = YES;
				CLANG_WARN_OBJC_IMPLICIT_RETAIN_SELF = YES;
				CLANG_WARN_OBJC_LITERAL_CONVERSION = YES;
				CLANG_WARN_OBJC_ROOT_CLASS = YES_ERROR;
				CLANG_WARN_QUOTED_INCLUDE_IN_FRAMEWORK_HEADER = YES;
				CLANG_WARN_RANGE_LOOP_ANALYSIS = YES;
				CLANG_WARN_STRICT_PROTOTYPES = YES;
				CLANG_WARN_SUSPICIOUS_MOVE = YES;
				CLANG_WARN_UNGUARDED_AVAILABILITY = YES_AGGRESSIVE;
				CLANG_WARN_UNREACHABLE_CODE = YES;
				CLANG_WARN__DUPLICATE_METHOD_MATCH = YES;
				COPY_PHASE_STRIP = NO;
				CURRENT_PROJECT_VERSION = 1;
				DEBUG_INFORMATION_FORMAT = dwarf;
				DEFINES_MODULE = YES;
				ENABLE_STRICT_OBJC_MSGSEND = YES;
				ENABLE_TESTABILITY = YES;
				GCC_C_LANGUAGE_STANDARD = gnu11;
				GCC_DYNAMIC_NO_PIC = NO;
				GCC_NO_COMMON_BLOCKS = YES;
				GCC_OPTIMIZATION_LEVEL = 0;
				GCC_PREPROCESSOR_DEFINITIONS = (
					"DEBUG=1",
					"$(inherited)",
				);
				GCC_WARN_64_TO_32_BIT_CONVERSION = YES;
				GCC_WARN_ABOUT_RETURN_TYPE = YES_ERROR;
				GCC_WARN_UNDECLARED_SELECTOR = YES;
				GCC_WARN_UNINITIALIZED_AUTOS = YES_AGGRESSIVE;
				GCC_WARN_UNUSED_FUNCTION = YES;
				GCC_WARN_UNUSED_VARIABLE = YES;
				IPHONEOS_DEPLOYMENT_TARGET = 13.4;
				MTL_ENABLE_DEBUG_INFO = INCLUDE_SOURCE;
				MTL_FAST_MATH = YES;
				ONLY_ACTIVE_ARCH = YES;
				SDKROOT = iphoneos;
				SWIFT_OBJC_BRIDGING_HEADER = "";
				SWIFT_OBJC_INTERFACE_HEADER_NAME = "QuadPaySDK/QuadPaySDK-Swift.h";
				VERSIONING_SYSTEM = "apple-generic";
				VERSION_INFO_PREFIX = "";
			};
			name = Debug;
		};
		251EC49C2469D64300679E88 /* Release */ = {
			isa = XCBuildConfiguration;
			buildSettings = {
				ALWAYS_SEARCH_USER_PATHS = NO;
				CLANG_ANALYZER_NONNULL = YES;
				CLANG_ANALYZER_NUMBER_OBJECT_CONVERSION = YES_AGGRESSIVE;
				CLANG_CXX_LANGUAGE_STANDARD = "gnu++14";
				CLANG_CXX_LIBRARY = "libc++";
				CLANG_ENABLE_MODULES = YES;
				CLANG_ENABLE_OBJC_ARC = YES;
				CLANG_ENABLE_OBJC_WEAK = YES;
				CLANG_WARN_BLOCK_CAPTURE_AUTORELEASING = YES;
				CLANG_WARN_BOOL_CONVERSION = YES;
				CLANG_WARN_COMMA = YES;
				CLANG_WARN_CONSTANT_CONVERSION = YES;
				CLANG_WARN_DEPRECATED_OBJC_IMPLEMENTATIONS = YES;
				CLANG_WARN_DIRECT_OBJC_ISA_USAGE = YES_ERROR;
				CLANG_WARN_DOCUMENTATION_COMMENTS = YES;
				CLANG_WARN_EMPTY_BODY = YES;
				CLANG_WARN_ENUM_CONVERSION = YES;
				CLANG_WARN_INFINITE_RECURSION = YES;
				CLANG_WARN_INT_CONVERSION = YES;
				CLANG_WARN_NON_LITERAL_NULL_CONVERSION = YES;
				CLANG_WARN_OBJC_IMPLICIT_RETAIN_SELF = YES;
				CLANG_WARN_OBJC_LITERAL_CONVERSION = YES;
				CLANG_WARN_OBJC_ROOT_CLASS = YES_ERROR;
				CLANG_WARN_QUOTED_INCLUDE_IN_FRAMEWORK_HEADER = YES;
				CLANG_WARN_RANGE_LOOP_ANALYSIS = YES;
				CLANG_WARN_STRICT_PROTOTYPES = YES;
				CLANG_WARN_SUSPICIOUS_MOVE = YES;
				CLANG_WARN_UNGUARDED_AVAILABILITY = YES_AGGRESSIVE;
				CLANG_WARN_UNREACHABLE_CODE = YES;
				CLANG_WARN__DUPLICATE_METHOD_MATCH = YES;
				COPY_PHASE_STRIP = NO;
				CURRENT_PROJECT_VERSION = 1;
				DEBUG_INFORMATION_FORMAT = "dwarf-with-dsym";
				DEFINES_MODULE = YES;
				ENABLE_NS_ASSERTIONS = NO;
				ENABLE_STRICT_OBJC_MSGSEND = YES;
				GCC_C_LANGUAGE_STANDARD = gnu11;
				GCC_NO_COMMON_BLOCKS = YES;
				GCC_WARN_64_TO_32_BIT_CONVERSION = YES;
				GCC_WARN_ABOUT_RETURN_TYPE = YES_ERROR;
				GCC_WARN_UNDECLARED_SELECTOR = YES;
				GCC_WARN_UNINITIALIZED_AUTOS = YES_AGGRESSIVE;
				GCC_WARN_UNUSED_FUNCTION = YES;
				GCC_WARN_UNUSED_VARIABLE = YES;
				IPHONEOS_DEPLOYMENT_TARGET = 13.4;
				MTL_ENABLE_DEBUG_INFO = NO;
				MTL_FAST_MATH = YES;
				SDKROOT = iphoneos;
				SWIFT_OBJC_BRIDGING_HEADER = "";
				SWIFT_OBJC_INTERFACE_HEADER_NAME = "QuadPaySDK/QuadPaySDK-Swift.h";
				VALIDATE_PRODUCT = YES;
				VERSIONING_SYSTEM = "apple-generic";
				VERSION_INFO_PREFIX = "";
			};
			name = Release;
		};
		251EC49E2469D64300679E88 /* Debug */ = {
			isa = XCBuildConfiguration;
			baseConfigurationReference = EF315437917D1E13CE3E83B4 /* Pods-QuadPaySDK.debug.xcconfig */;
			buildSettings = {
				CLANG_ENABLE_MODULES = YES;
				CODE_SIGN_STYLE = Automatic;
				DEFINES_MODULE = YES;
				DEVELOPMENT_TEAM = VZ56G7337J;
				DYLIB_COMPATIBILITY_VERSION = 1;
				DYLIB_CURRENT_VERSION = 1;
				DYLIB_INSTALL_NAME_BASE = "@rpath";
				INFOPLIST_FILE = QuadPaySDK/Info.plist;
				INSTALL_PATH = "$(LOCAL_LIBRARY_DIR)/Frameworks";
				LD_RUNPATH_SEARCH_PATHS = (
					"$(inherited)",
					"@executable_path/Frameworks",
					"@loader_path/Frameworks",
				);
				PRODUCT_BUNDLE_IDENTIFIER = com.quadpay.QuadPaySDK;
				PRODUCT_NAME = "$(TARGET_NAME:c99extidentifier)";
				SKIP_INSTALL = YES;
				SWIFT_OBJC_BRIDGING_HEADER = "";
				SWIFT_OPTIMIZATION_LEVEL = "-Onone";
				SWIFT_VERSION = 5.0;
				TARGETED_DEVICE_FAMILY = "1,2";
			};
			name = Debug;
		};
		251EC49F2469D64300679E88 /* Release */ = {
			isa = XCBuildConfiguration;
			baseConfigurationReference = ED1705C9A7D7EC25D015BD90 /* Pods-QuadPaySDK.release.xcconfig */;
			buildSettings = {
				CLANG_ENABLE_MODULES = YES;
				CODE_SIGN_STYLE = Automatic;
				DEFINES_MODULE = YES;
				DEVELOPMENT_TEAM = VZ56G7337J;
				DYLIB_COMPATIBILITY_VERSION = 1;
				DYLIB_CURRENT_VERSION = 1;
				DYLIB_INSTALL_NAME_BASE = "@rpath";
				INFOPLIST_FILE = QuadPaySDK/Info.plist;
				INSTALL_PATH = "$(LOCAL_LIBRARY_DIR)/Frameworks";
				LD_RUNPATH_SEARCH_PATHS = (
					"$(inherited)",
					"@executable_path/Frameworks",
					"@loader_path/Frameworks",
				);
				PRODUCT_BUNDLE_IDENTIFIER = com.quadpay.QuadPaySDK;
				PRODUCT_NAME = "$(TARGET_NAME:c99extidentifier)";
				SKIP_INSTALL = YES;
				SWIFT_OBJC_BRIDGING_HEADER = "";
				SWIFT_VERSION = 5.0;
				TARGETED_DEVICE_FAMILY = "1,2";
			};
			name = Release;
		};
		251EC4A12469D64300679E88 /* Debug */ = {
			isa = XCBuildConfiguration;
			baseConfigurationReference = DE7D7FADCAC883B065A7BD80 /* Pods-QuadPaySDK-QuadPaySDKTests.debug.xcconfig */;
			buildSettings = {
				ALWAYS_EMBED_SWIFT_STANDARD_LIBRARIES = YES;
				CODE_SIGN_STYLE = Automatic;
				DEVELOPMENT_TEAM = F52B2ZHLGH;
				INFOPLIST_FILE = QuadPaySDKTests/Info.plist;
				LD_RUNPATH_SEARCH_PATHS = (
					"$(inherited)",
					"@executable_path/Frameworks",
					"@loader_path/Frameworks",
				);
				PRODUCT_BUNDLE_IDENTIFIER = com.quadpay.QuadPaySDKTests;
				PRODUCT_NAME = "$(TARGET_NAME)";
				TARGETED_DEVICE_FAMILY = "1,2";
			};
			name = Debug;
		};
		251EC4A22469D64300679E88 /* Release */ = {
			isa = XCBuildConfiguration;
			baseConfigurationReference = B1BD2AABA2DBF889DE3995AE /* Pods-QuadPaySDK-QuadPaySDKTests.release.xcconfig */;
			buildSettings = {
				ALWAYS_EMBED_SWIFT_STANDARD_LIBRARIES = YES;
				CODE_SIGN_STYLE = Automatic;
				DEVELOPMENT_TEAM = F52B2ZHLGH;
				INFOPLIST_FILE = QuadPaySDKTests/Info.plist;
				LD_RUNPATH_SEARCH_PATHS = (
					"$(inherited)",
					"@executable_path/Frameworks",
					"@loader_path/Frameworks",
				);
				PRODUCT_BUNDLE_IDENTIFIER = com.quadpay.QuadPaySDKTests;
				PRODUCT_NAME = "$(TARGET_NAME)";
				TARGETED_DEVICE_FAMILY = "1,2";
			};
			name = Release;
		};
/* End XCBuildConfiguration section */

/* Begin XCConfigurationList section */
		251EC4832469D64300679E88 /* Build configuration list for PBXProject "QuadPaySDK" */ = {
			isa = XCConfigurationList;
			buildConfigurations = (
				251EC49B2469D64300679E88 /* Debug */,
				251EC49C2469D64300679E88 /* Release */,
			);
			defaultConfigurationIsVisible = 0;
			defaultConfigurationName = Release;
		};
		251EC49D2469D64300679E88 /* Build configuration list for PBXNativeTarget "QuadPaySDK" */ = {
			isa = XCConfigurationList;
			buildConfigurations = (
				251EC49E2469D64300679E88 /* Debug */,
				251EC49F2469D64300679E88 /* Release */,
			);
			defaultConfigurationIsVisible = 0;
			defaultConfigurationName = Release;
		};
		251EC4A02469D64300679E88 /* Build configuration list for PBXNativeTarget "QuadPaySDKTests" */ = {
			isa = XCConfigurationList;
			buildConfigurations = (
				251EC4A12469D64300679E88 /* Debug */,
				251EC4A22469D64300679E88 /* Release */,
			);
			defaultConfigurationIsVisible = 0;
			defaultConfigurationName = Release;
		};
/* End XCConfigurationList section */
	};
	rootObject = 251EC4802469D64300679E88 /* Project object */;
}
